// !$*UTF8*$!
{
	archiveVersion = 1;
	classes = {
	};
	objectVersion = 46;
	objects = {

/* Begin PBXBuildFile section */
		421C746118937535000E3C30 /* Foundation.framework in Frameworks */ = {isa = PBXBuildFile; fileRef = 421C746018937535000E3C30 /* Foundation.framework */; };
		421C746318937535000E3C30 /* CoreGraphics.framework in Frameworks */ = {isa = PBXBuildFile; fileRef = 421C746218937535000E3C30 /* CoreGraphics.framework */; };
		421C746518937535000E3C30 /* UIKit.framework in Frameworks */ = {isa = PBXBuildFile; fileRef = 421C746418937535000E3C30 /* UIKit.framework */; };
		421C746B18937535000E3C30 /* InfoPlist.strings in Resources */ = {isa = PBXBuildFile; fileRef = 421C746918937535000E3C30 /* InfoPlist.strings */; };
		421C746D18937535000E3C30 /* main.m in Sources */ = {isa = PBXBuildFile; fileRef = 421C746C18937535000E3C30 /* main.m */; };
		421C747118937535000E3C30 /* SBTAppDelegate.m in Sources */ = {isa = PBXBuildFile; fileRef = 421C747018937535000E3C30 /* SBTAppDelegate.m */; };
		421C747418937535000E3C30 /* Main_iPhone.storyboard in Resources */ = {isa = PBXBuildFile; fileRef = 421C747218937535000E3C30 /* Main_iPhone.storyboard */; };
		421C747718937535000E3C30 /* Main_iPad.storyboard in Resources */ = {isa = PBXBuildFile; fileRef = 421C747518937535000E3C30 /* Main_iPad.storyboard */; };
		421C747F18937535000E3C30 /* Images.xcassets in Resources */ = {isa = PBXBuildFile; fileRef = 421C747E18937535000E3C30 /* Images.xcassets */; };
		421C748618937535000E3C30 /* XCTest.framework in Frameworks */ = {isa = PBXBuildFile; fileRef = 421C748518937535000E3C30 /* XCTest.framework */; };
		421C748718937535000E3C30 /* Foundation.framework in Frameworks */ = {isa = PBXBuildFile; fileRef = 421C746018937535000E3C30 /* Foundation.framework */; };
		421C748818937535000E3C30 /* UIKit.framework in Frameworks */ = {isa = PBXBuildFile; fileRef = 421C746418937535000E3C30 /* UIKit.framework */; };
		421C749018937536000E3C30 /* InfoPlist.strings in Resources */ = {isa = PBXBuildFile; fileRef = 421C748E18937536000E3C30 /* InfoPlist.strings */; };
		421C749218937536000E3C30 /* Smart_Baby_TrackerTests.m in Sources */ = {isa = PBXBuildFile; fileRef = 421C749118937536000E3C30 /* Smart_Baby_TrackerTests.m */; };
		4226B8CD189F5F3B00682A6A /* NSDateComponents+Today.m in Sources */ = {isa = PBXBuildFile; fileRef = 4226B8CC189F5F3B00682A6A /* NSDateComponents+Today.m */; };
		4248806618944C84009F2837 /* SBTBaby.m in Sources */ = {isa = PBXBuildFile; fileRef = 4248806518944C84009F2837 /* SBTBaby.m */; };
		4248806A189459D2009F2837 /* SBTEncounter.m in Sources */ = {isa = PBXBuildFile; fileRef = 42488069189459D2009F2837 /* SBTEncounter.m */; };
		4248806D18945CE2009F2837 /* SBTVaccine.m in Sources */ = {isa = PBXBuildFile; fileRef = 4248806C18945CE2009F2837 /* SBTVaccine.m */; };
		4258BCF618C40E1900E8232F /* SBTCDCDataSource.m in Sources */ = {isa = PBXBuildFile; fileRef = 4258BCF518C40E1900E8232F /* SBTCDCDataSource.m */; };
		426436A718C4459800414CA1 /* cdcbmiboys.txt in Resources */ = {isa = PBXBuildFile; fileRef = 4264369318C4459800414CA1 /* cdcbmiboys.txt */; };
		426436A818C4459800414CA1 /* cdcbmigirls.txt in Resources */ = {isa = PBXBuildFile; fileRef = 4264369418C4459800414CA1 /* cdcbmigirls.txt */; };
		426436A918C4459800414CA1 /* cdchcboys.txt in Resources */ = {isa = PBXBuildFile; fileRef = 4264369518C4459800414CA1 /* cdchcboys.txt */; };
		426436AA18C4459800414CA1 /* cdchcgirls.txt in Resources */ = {isa = PBXBuildFile; fileRef = 4264369618C4459800414CA1 /* cdchcgirls.txt */; };
		426436AB18C4459800414CA1 /* cdclengthboys.txt in Resources */ = {isa = PBXBuildFile; fileRef = 4264369718C4459800414CA1 /* cdclengthboys.txt */; };
		426436AC18C4459800414CA1 /* cdclengthgirls.txt in Resources */ = {isa = PBXBuildFile; fileRef = 4264369818C4459800414CA1 /* cdclengthgirls.txt */; };
		426436AD18C4459800414CA1 /* cdcstatureboys.txt in Resources */ = {isa = PBXBuildFile; fileRef = 4264369918C4459800414CA1 /* cdcstatureboys.txt */; };
		426436AE18C4459800414CA1 /* cdcstaturegirls.txt in Resources */ = {isa = PBXBuildFile; fileRef = 4264369A18C4459800414CA1 /* cdcstaturegirls.txt */; };
		426436AF18C4459800414CA1 /* cdcweightboys.txt in Resources */ = {isa = PBXBuildFile; fileRef = 4264369B18C4459800414CA1 /* cdcweightboys.txt */; };
		426436B018C4459800414CA1 /* cdcweightgirls.txt in Resources */ = {isa = PBXBuildFile; fileRef = 4264369C18C4459800414CA1 /* cdcweightgirls.txt */; };
		426436B118C4459800414CA1 /* cdcweightinfantboys.txt in Resources */ = {isa = PBXBuildFile; fileRef = 4264369D18C4459800414CA1 /* cdcweightinfantboys.txt */; };
		426436B218C4459800414CA1 /* cdcweightinfantgirls.txt in Resources */ = {isa = PBXBuildFile; fileRef = 4264369E18C4459800414CA1 /* cdcweightinfantgirls.txt */; };
		426436B318C4459800414CA1 /* whobmiboys.txt in Resources */ = {isa = PBXBuildFile; fileRef = 4264369F18C4459800414CA1 /* whobmiboys.txt */; };
		426436B418C4459800414CA1 /* whobmigirls.txt in Resources */ = {isa = PBXBuildFile; fileRef = 426436A018C4459800414CA1 /* whobmigirls.txt */; };
		426436B518C4459800414CA1 /* whohcboys.txt in Resources */ = {isa = PBXBuildFile; fileRef = 426436A118C4459800414CA1 /* whohcboys.txt */; };
		426436B618C4459800414CA1 /* whohcgirls.txt in Resources */ = {isa = PBXBuildFile; fileRef = 426436A218C4459800414CA1 /* whohcgirls.txt */; };
		426436B718C4459800414CA1 /* wholengthboys.txt in Resources */ = {isa = PBXBuildFile; fileRef = 426436A318C4459800414CA1 /* wholengthboys.txt */; };
		426436B818C4459800414CA1 /* wholengthgirls.txt in Resources */ = {isa = PBXBuildFile; fileRef = 426436A418C4459800414CA1 /* wholengthgirls.txt */; };
		426436B918C4459800414CA1 /* whoweightboys.txt in Resources */ = {isa = PBXBuildFile; fileRef = 426436A518C4459800414CA1 /* whoweightboys.txt */; };
		426436BA18C4459800414CA1 /* whoweightgirls.txt in Resources */ = {isa = PBXBuildFile; fileRef = 426436A618C4459800414CA1 /* whoweightgirls.txt */; };
		426FF5D818C15DB000B66F36 /* SBTDataPoint.m in Sources */ = {isa = PBXBuildFile; fileRef = 426FF5D718C15DB000B66F36 /* SBTDataPoint.m */; };
		426FF5DB18C1A56200B66F36 /* SBTGrowthDataSource.m in Sources */ = {isa = PBXBuildFile; fileRef = 426FF5DA18C1A56200B66F36 /* SBTGrowthDataSource.m */; };
		4287698618CD6F2E007862AB /* SBTChildrenViewController.m in Sources */ = {isa = PBXBuildFile; fileRef = 4287698518CD6F2E007862AB /* SBTChildrenViewController.m */; };
		4287698918CD77AE007862AB /* SBTBabyEditViewController.m in Sources */ = {isa = PBXBuildFile; fileRef = 4287698818CD77AE007862AB /* SBTBabyEditViewController.m */; };
		42901BD818CB9756002EB9E9 /* SBTMMRScheduleTest.m in Sources */ = {isa = PBXBuildFile; fileRef = 42901BD718CB9756002EB9E9 /* SBTMMRScheduleTest.m */; };
		42901BDA18CBD0B6002EB9E9 /* SBTHepBScheduleTest.m in Sources */ = {isa = PBXBuildFile; fileRef = 42901BD918CBD0B6002EB9E9 /* SBTHepBScheduleTest.m */; };
		429700CE18AED9AA0013A91B /* ACIP Schedule.plist in Resources */ = {isa = PBXBuildFile; fileRef = 429700CD18AED9AA0013A91B /* ACIP Schedule.plist */; };
		42B601301895E1E6000C15F4 /* SBTVaccineSchedule.m in Sources */ = {isa = PBXBuildFile; fileRef = 42B6012F1895E1E6000C15F4 /* SBTVaccineSchedule.m */; };
		42C753DB18C2B5630050F38A /* SBTGrowthDataSourceTests.m in Sources */ = {isa = PBXBuildFile; fileRef = 42C753DA18C2B5630050F38A /* SBTGrowthDataSourceTests.m */; };
		42CB9A5118D4F7260097BBE3 /* SBTBabyInfoTVC.m in Sources */ = {isa = PBXBuildFile; fileRef = 42CB9A5018D4F7260097BBE3 /* SBTBabyInfoTVC.m */; };
		42CB9A5418D5092F0097BBE3 /* SBTImageStore.m in Sources */ = {isa = PBXBuildFile; fileRef = 42CB9A5318D5092F0097BBE3 /* SBTImageStore.m */; };
		42CB9A5718D5731C0097BBE3 /* SBTEncounterTableViewCell.m in Sources */ = {isa = PBXBuildFile; fileRef = 42CB9A5618D5731C0097BBE3 /* SBTEncounterTableViewCell.m */; };
		42CB9A5A18D57C4E0097BBE3 /* SBTEncountersTVC.m in Sources */ = {isa = PBXBuildFile; fileRef = 42CB9A5918D57C4E0097BBE3 /* SBTEncountersTVC.m */; };
		42CB9A5D18D589C30097BBE3 /* SBTVaccinesGivenTVC.m in Sources */ = {isa = PBXBuildFile; fileRef = 42CB9A5C18D589C30097BBE3 /* SBTVaccinesGivenTVC.m */; };
		42E7F98C18C267AE00C49072 /* SBTWHODataSource.m in Sources */ = {isa = PBXBuildFile; fileRef = 42E7F98B18C267AE00C49072 /* SBTWHODataSource.m */; };
		42F66E3618BC581D0099137F /* SBTDTaPScheduleTest.m in Sources */ = {isa = PBXBuildFile; fileRef = 42F66E3518BC581D0099137F /* SBTDTaPScheduleTest.m */; };
/* End PBXBuildFile section */

/* Begin PBXContainerItemProxy section */
		421C748918937536000E3C30 /* PBXContainerItemProxy */ = {
			isa = PBXContainerItemProxy;
			containerPortal = 421C745518937535000E3C30 /* Project object */;
			proxyType = 1;
			remoteGlobalIDString = 421C745C18937535000E3C30;
			remoteInfo = "Smart Baby Tracker";
		};
/* End PBXContainerItemProxy section */

/* Begin PBXFileReference section */
		421C745D18937535000E3C30 /* Smart Baby Tracker.app */ = {isa = PBXFileReference; explicitFileType = wrapper.application; includeInIndex = 0; path = "Smart Baby Tracker.app"; sourceTree = BUILT_PRODUCTS_DIR; };
		421C746018937535000E3C30 /* Foundation.framework */ = {isa = PBXFileReference; lastKnownFileType = wrapper.framework; name = Foundation.framework; path = System/Library/Frameworks/Foundation.framework; sourceTree = SDKROOT; };
		421C746218937535000E3C30 /* CoreGraphics.framework */ = {isa = PBXFileReference; lastKnownFileType = wrapper.framework; name = CoreGraphics.framework; path = System/Library/Frameworks/CoreGraphics.framework; sourceTree = SDKROOT; };
		421C746418937535000E3C30 /* UIKit.framework */ = {isa = PBXFileReference; lastKnownFileType = wrapper.framework; name = UIKit.framework; path = System/Library/Frameworks/UIKit.framework; sourceTree = SDKROOT; };
		421C746818937535000E3C30 /* Smart Baby Tracker-Info.plist */ = {isa = PBXFileReference; lastKnownFileType = text.plist.xml; path = "Smart Baby Tracker-Info.plist"; sourceTree = "<group>"; };
		421C746A18937535000E3C30 /* en */ = {isa = PBXFileReference; lastKnownFileType = text.plist.strings; name = en; path = en.lproj/InfoPlist.strings; sourceTree = "<group>"; };
		421C746C18937535000E3C30 /* main.m */ = {isa = PBXFileReference; lastKnownFileType = sourcecode.c.objc; path = main.m; sourceTree = "<group>"; };
		421C746E18937535000E3C30 /* Smart Baby Tracker-Prefix.pch */ = {isa = PBXFileReference; lastKnownFileType = sourcecode.c.h; path = "Smart Baby Tracker-Prefix.pch"; sourceTree = "<group>"; };
		421C746F18937535000E3C30 /* SBTAppDelegate.h */ = {isa = PBXFileReference; lastKnownFileType = sourcecode.c.h; path = SBTAppDelegate.h; sourceTree = "<group>"; };
		421C747018937535000E3C30 /* SBTAppDelegate.m */ = {isa = PBXFileReference; lastKnownFileType = sourcecode.c.objc; path = SBTAppDelegate.m; sourceTree = "<group>"; };
		421C747318937535000E3C30 /* Base */ = {isa = PBXFileReference; lastKnownFileType = file.storyboard; name = Base; path = Base.lproj/Main_iPhone.storyboard; sourceTree = "<group>"; };
		421C747618937535000E3C30 /* Base */ = {isa = PBXFileReference; lastKnownFileType = file.storyboard; name = Base; path = Base.lproj/Main_iPad.storyboard; sourceTree = "<group>"; };
		421C747E18937535000E3C30 /* Images.xcassets */ = {isa = PBXFileReference; lastKnownFileType = folder.assetcatalog; path = Images.xcassets; sourceTree = "<group>"; };
		421C748418937535000E3C30 /* Smart Baby TrackerTests.xctest */ = {isa = PBXFileReference; explicitFileType = wrapper.cfbundle; includeInIndex = 0; path = "Smart Baby TrackerTests.xctest"; sourceTree = BUILT_PRODUCTS_DIR; };
		421C748518937535000E3C30 /* XCTest.framework */ = {isa = PBXFileReference; lastKnownFileType = wrapper.framework; name = XCTest.framework; path = Library/Frameworks/XCTest.framework; sourceTree = DEVELOPER_DIR; };
		421C748D18937536000E3C30 /* Smart Baby TrackerTests-Info.plist */ = {isa = PBXFileReference; lastKnownFileType = text.plist.xml; path = "Smart Baby TrackerTests-Info.plist"; sourceTree = "<group>"; };
		421C748F18937536000E3C30 /* en */ = {isa = PBXFileReference; lastKnownFileType = text.plist.strings; name = en; path = en.lproj/InfoPlist.strings; sourceTree = "<group>"; };
		421C749118937536000E3C30 /* Smart_Baby_TrackerTests.m */ = {isa = PBXFileReference; lastKnownFileType = sourcecode.c.objc; path = Smart_Baby_TrackerTests.m; sourceTree = "<group>"; };
		4226B8CB189F5F3B00682A6A /* NSDateComponents+Today.h */ = {isa = PBXFileReference; fileEncoding = 4; lastKnownFileType = sourcecode.c.h; path = "NSDateComponents+Today.h"; sourceTree = "<group>"; };
		4226B8CC189F5F3B00682A6A /* NSDateComponents+Today.m */ = {isa = PBXFileReference; fileEncoding = 4; lastKnownFileType = sourcecode.c.objc; path = "NSDateComponents+Today.m"; sourceTree = "<group>"; };
		4248806418944C84009F2837 /* SBTBaby.h */ = {isa = PBXFileReference; fileEncoding = 4; lastKnownFileType = sourcecode.c.h; path = SBTBaby.h; sourceTree = "<group>"; };
		4248806518944C84009F2837 /* SBTBaby.m */ = {isa = PBXFileReference; fileEncoding = 4; lastKnownFileType = sourcecode.c.objc; path = SBTBaby.m; sourceTree = "<group>"; };
		42488068189459D2009F2837 /* SBTEncounter.h */ = {isa = PBXFileReference; fileEncoding = 4; lastKnownFileType = sourcecode.c.h; path = SBTEncounter.h; sourceTree = "<group>"; };
		42488069189459D2009F2837 /* SBTEncounter.m */ = {isa = PBXFileReference; fileEncoding = 4; lastKnownFileType = sourcecode.c.objc; path = SBTEncounter.m; sourceTree = "<group>"; };
		4248806B18945CE2009F2837 /* SBTVaccine.h */ = {isa = PBXFileReference; fileEncoding = 4; lastKnownFileType = sourcecode.c.h; path = SBTVaccine.h; sourceTree = "<group>"; };
		4248806C18945CE2009F2837 /* SBTVaccine.m */ = {isa = PBXFileReference; fileEncoding = 4; lastKnownFileType = sourcecode.c.objc; path = SBTVaccine.m; sourceTree = "<group>"; };
		4258BCF418C40E1900E8232F /* SBTCDCDataSource.h */ = {isa = PBXFileReference; fileEncoding = 4; lastKnownFileType = sourcecode.c.h; path = SBTCDCDataSource.h; sourceTree = "<group>"; };
		4258BCF518C40E1900E8232F /* SBTCDCDataSource.m */ = {isa = PBXFileReference; fileEncoding = 4; lastKnownFileType = sourcecode.c.objc; path = SBTCDCDataSource.m; sourceTree = "<group>"; };
		4264369318C4459800414CA1 /* cdcbmiboys.txt */ = {isa = PBXFileReference; fileEncoding = 4; lastKnownFileType = text; path = cdcbmiboys.txt; sourceTree = "<group>"; };
		4264369418C4459800414CA1 /* cdcbmigirls.txt */ = {isa = PBXFileReference; fileEncoding = 4; lastKnownFileType = text; path = cdcbmigirls.txt; sourceTree = "<group>"; };
		4264369518C4459800414CA1 /* cdchcboys.txt */ = {isa = PBXFileReference; fileEncoding = 4; lastKnownFileType = text; path = cdchcboys.txt; sourceTree = "<group>"; };
		4264369618C4459800414CA1 /* cdchcgirls.txt */ = {isa = PBXFileReference; fileEncoding = 4; lastKnownFileType = text; path = cdchcgirls.txt; sourceTree = "<group>"; };
		4264369718C4459800414CA1 /* cdclengthboys.txt */ = {isa = PBXFileReference; fileEncoding = 4; lastKnownFileType = text; path = cdclengthboys.txt; sourceTree = "<group>"; };
		4264369818C4459800414CA1 /* cdclengthgirls.txt */ = {isa = PBXFileReference; fileEncoding = 4; lastKnownFileType = text; path = cdclengthgirls.txt; sourceTree = "<group>"; };
		4264369918C4459800414CA1 /* cdcstatureboys.txt */ = {isa = PBXFileReference; fileEncoding = 4; lastKnownFileType = text; path = cdcstatureboys.txt; sourceTree = "<group>"; };
		4264369A18C4459800414CA1 /* cdcstaturegirls.txt */ = {isa = PBXFileReference; fileEncoding = 4; lastKnownFileType = text; path = cdcstaturegirls.txt; sourceTree = "<group>"; };
		4264369B18C4459800414CA1 /* cdcweightboys.txt */ = {isa = PBXFileReference; fileEncoding = 4; lastKnownFileType = text; path = cdcweightboys.txt; sourceTree = "<group>"; };
		4264369C18C4459800414CA1 /* cdcweightgirls.txt */ = {isa = PBXFileReference; fileEncoding = 4; lastKnownFileType = text; path = cdcweightgirls.txt; sourceTree = "<group>"; };
		4264369D18C4459800414CA1 /* cdcweightinfantboys.txt */ = {isa = PBXFileReference; fileEncoding = 4; lastKnownFileType = text; path = cdcweightinfantboys.txt; sourceTree = "<group>"; };
		4264369E18C4459800414CA1 /* cdcweightinfantgirls.txt */ = {isa = PBXFileReference; fileEncoding = 4; lastKnownFileType = text; path = cdcweightinfantgirls.txt; sourceTree = "<group>"; };
		4264369F18C4459800414CA1 /* whobmiboys.txt */ = {isa = PBXFileReference; fileEncoding = 4; lastKnownFileType = text; path = whobmiboys.txt; sourceTree = "<group>"; };
		426436A018C4459800414CA1 /* whobmigirls.txt */ = {isa = PBXFileReference; fileEncoding = 4; lastKnownFileType = text; path = whobmigirls.txt; sourceTree = "<group>"; };
		426436A118C4459800414CA1 /* whohcboys.txt */ = {isa = PBXFileReference; fileEncoding = 4; lastKnownFileType = text; path = whohcboys.txt; sourceTree = "<group>"; };
		426436A218C4459800414CA1 /* whohcgirls.txt */ = {isa = PBXFileReference; fileEncoding = 4; lastKnownFileType = text; path = whohcgirls.txt; sourceTree = "<group>"; };
		426436A318C4459800414CA1 /* wholengthboys.txt */ = {isa = PBXFileReference; fileEncoding = 4; lastKnownFileType = text; path = wholengthboys.txt; sourceTree = "<group>"; };
		426436A418C4459800414CA1 /* wholengthgirls.txt */ = {isa = PBXFileReference; fileEncoding = 4; lastKnownFileType = text; path = wholengthgirls.txt; sourceTree = "<group>"; };
		426436A518C4459800414CA1 /* whoweightboys.txt */ = {isa = PBXFileReference; fileEncoding = 4; lastKnownFileType = text; path = whoweightboys.txt; sourceTree = "<group>"; };
		426436A618C4459800414CA1 /* whoweightgirls.txt */ = {isa = PBXFileReference; fileEncoding = 4; lastKnownFileType = text; path = whoweightgirls.txt; sourceTree = "<group>"; };
		426FF5D618C15DB000B66F36 /* SBTDataPoint.h */ = {isa = PBXFileReference; fileEncoding = 4; lastKnownFileType = sourcecode.c.h; path = SBTDataPoint.h; sourceTree = "<group>"; };
		426FF5D718C15DB000B66F36 /* SBTDataPoint.m */ = {isa = PBXFileReference; fileEncoding = 4; lastKnownFileType = sourcecode.c.objc; path = SBTDataPoint.m; sourceTree = "<group>"; };
		426FF5D918C1A56200B66F36 /* SBTGrowthDataSource.h */ = {isa = PBXFileReference; fileEncoding = 4; lastKnownFileType = sourcecode.c.h; path = SBTGrowthDataSource.h; sourceTree = "<group>"; };
		426FF5DA18C1A56200B66F36 /* SBTGrowthDataSource.m */ = {isa = PBXFileReference; fileEncoding = 4; lastKnownFileType = sourcecode.c.objc; path = SBTGrowthDataSource.m; sourceTree = "<group>"; };
		4287698418CD6F2E007862AB /* SBTChildrenViewController.h */ = {isa = PBXFileReference; fileEncoding = 4; lastKnownFileType = sourcecode.c.h; path = SBTChildrenViewController.h; sourceTree = "<group>"; };
		4287698518CD6F2E007862AB /* SBTChildrenViewController.m */ = {isa = PBXFileReference; fileEncoding = 4; lastKnownFileType = sourcecode.c.objc; path = SBTChildrenViewController.m; sourceTree = "<group>"; };
		4287698718CD77AE007862AB /* SBTBabyEditViewController.h */ = {isa = PBXFileReference; fileEncoding = 4; lastKnownFileType = sourcecode.c.h; path = SBTBabyEditViewController.h; sourceTree = "<group>"; };
		4287698818CD77AE007862AB /* SBTBabyEditViewController.m */ = {isa = PBXFileReference; fileEncoding = 4; lastKnownFileType = sourcecode.c.objc; path = SBTBabyEditViewController.m; sourceTree = "<group>"; };
		42901BD718CB9756002EB9E9 /* SBTMMRScheduleTest.m */ = {isa = PBXFileReference; fileEncoding = 4; lastKnownFileType = sourcecode.c.objc; path = SBTMMRScheduleTest.m; sourceTree = "<group>"; };
		42901BD918CBD0B6002EB9E9 /* SBTHepBScheduleTest.m */ = {isa = PBXFileReference; fileEncoding = 4; lastKnownFileType = sourcecode.c.objc; path = SBTHepBScheduleTest.m; sourceTree = "<group>"; };
		429700CD18AED9AA0013A91B /* ACIP Schedule.plist */ = {isa = PBXFileReference; fileEncoding = 4; lastKnownFileType = text.plist.xml; path = "ACIP Schedule.plist"; sourceTree = "<group>"; };
		42B6012E1895E1E6000C15F4 /* SBTVaccineSchedule.h */ = {isa = PBXFileReference; fileEncoding = 4; lastKnownFileType = sourcecode.c.h; path = SBTVaccineSchedule.h; sourceTree = "<group>"; };
		42B6012F1895E1E6000C15F4 /* SBTVaccineSchedule.m */ = {isa = PBXFileReference; fileEncoding = 4; lastKnownFileType = sourcecode.c.objc; path = SBTVaccineSchedule.m; sourceTree = "<group>"; };
		42C753DA18C2B5630050F38A /* SBTGrowthDataSourceTests.m */ = {isa = PBXFileReference; fileEncoding = 4; lastKnownFileType = sourcecode.c.objc; path = SBTGrowthDataSourceTests.m; sourceTree = "<group>"; };
		42CB9A4F18D4F7260097BBE3 /* SBTBabyInfoTVC.h */ = {isa = PBXFileReference; fileEncoding = 4; lastKnownFileType = sourcecode.c.h; path = SBTBabyInfoTVC.h; sourceTree = "<group>"; };
		42CB9A5018D4F7260097BBE3 /* SBTBabyInfoTVC.m */ = {isa = PBXFileReference; fileEncoding = 4; lastKnownFileType = sourcecode.c.objc; path = SBTBabyInfoTVC.m; sourceTree = "<group>"; };
		42CB9A5218D5092F0097BBE3 /* SBTImageStore.h */ = {isa = PBXFileReference; fileEncoding = 4; lastKnownFileType = sourcecode.c.h; name = SBTImageStore.h; path = ../SBTImageStore.h; sourceTree = "<group>"; };
		42CB9A5318D5092F0097BBE3 /* SBTImageStore.m */ = {isa = PBXFileReference; fileEncoding = 4; lastKnownFileType = sourcecode.c.objc; name = SBTImageStore.m; path = ../SBTImageStore.m; sourceTree = "<group>"; };
		42CB9A5518D5731C0097BBE3 /* SBTEncounterTableViewCell.h */ = {isa = PBXFileReference; fileEncoding = 4; lastKnownFileType = sourcecode.c.h; path = SBTEncounterTableViewCell.h; sourceTree = "<group>"; };
		42CB9A5618D5731C0097BBE3 /* SBTEncounterTableViewCell.m */ = {isa = PBXFileReference; fileEncoding = 4; lastKnownFileType = sourcecode.c.objc; path = SBTEncounterTableViewCell.m; sourceTree = "<group>"; };
		42CB9A5818D57C4E0097BBE3 /* SBTEncountersTVC.h */ = {isa = PBXFileReference; fileEncoding = 4; lastKnownFileType = sourcecode.c.h; path = SBTEncountersTVC.h; sourceTree = "<group>"; };
		42CB9A5918D57C4E0097BBE3 /* SBTEncountersTVC.m */ = {isa = PBXFileReference; fileEncoding = 4; lastKnownFileType = sourcecode.c.objc; path = SBTEncountersTVC.m; sourceTree = "<group>"; };
		42CB9A5B18D589C30097BBE3 /* SBTVaccinesGivenTVC.h */ = {isa = PBXFileReference; fileEncoding = 4; lastKnownFileType = sourcecode.c.h; path = SBTVaccinesGivenTVC.h; sourceTree = "<group>"; };
		42CB9A5C18D589C30097BBE3 /* SBTVaccinesGivenTVC.m */ = {isa = PBXFileReference; fileEncoding = 4; lastKnownFileType = sourcecode.c.objc; path = SBTVaccinesGivenTVC.m; sourceTree = "<group>"; };
		42E7F98A18C267AE00C49072 /* SBTWHODataSource.h */ = {isa = PBXFileReference; fileEncoding = 4; lastKnownFileType = sourcecode.c.h; path = SBTWHODataSource.h; sourceTree = "<group>"; };
		42E7F98B18C267AE00C49072 /* SBTWHODataSource.m */ = {isa = PBXFileReference; fileEncoding = 4; lastKnownFileType = sourcecode.c.objc; path = SBTWHODataSource.m; sourceTree = "<group>"; };
		42F66E3518BC581D0099137F /* SBTDTaPScheduleTest.m */ = {isa = PBXFileReference; fileEncoding = 4; lastKnownFileType = sourcecode.c.objc; path = SBTDTaPScheduleTest.m; sourceTree = "<group>"; };
/* End PBXFileReference section */

/* Begin PBXFrameworksBuildPhase section */
		421C745A18937535000E3C30 /* Frameworks */ = {
			isa = PBXFrameworksBuildPhase;
			buildActionMask = 2147483647;
			files = (
				421C746318937535000E3C30 /* CoreGraphics.framework in Frameworks */,
				421C746518937535000E3C30 /* UIKit.framework in Frameworks */,
				421C746118937535000E3C30 /* Foundation.framework in Frameworks */,
			);
			runOnlyForDeploymentPostprocessing = 0;
		};
		421C748118937535000E3C30 /* Frameworks */ = {
			isa = PBXFrameworksBuildPhase;
			buildActionMask = 2147483647;
			files = (
				421C748618937535000E3C30 /* XCTest.framework in Frameworks */,
				421C748818937535000E3C30 /* UIKit.framework in Frameworks */,
				421C748718937535000E3C30 /* Foundation.framework in Frameworks */,
			);
			runOnlyForDeploymentPostprocessing = 0;
		};
/* End PBXFrameworksBuildPhase section */

/* Begin PBXGroup section */
		421C745418937535000E3C30 = {
			isa = PBXGroup;
			children = (
				421C746618937535000E3C30 /* Smart Baby Tracker */,
				421C748B18937536000E3C30 /* Smart Baby TrackerTests */,
				421C745F18937535000E3C30 /* Frameworks */,
				421C745E18937535000E3C30 /* Products */,
			);
			sourceTree = "<group>";
		};
		421C745E18937535000E3C30 /* Products */ = {
			isa = PBXGroup;
			children = (
				421C745D18937535000E3C30 /* Smart Baby Tracker.app */,
				421C748418937535000E3C30 /* Smart Baby TrackerTests.xctest */,
			);
			name = Products;
			sourceTree = "<group>";
		};
		421C745F18937535000E3C30 /* Frameworks */ = {
			isa = PBXGroup;
			children = (
				421C746018937535000E3C30 /* Foundation.framework */,
				421C746218937535000E3C30 /* CoreGraphics.framework */,
				421C746418937535000E3C30 /* UIKit.framework */,
				421C748518937535000E3C30 /* XCTest.framework */,
			);
			name = Frameworks;
			sourceTree = "<group>";
		};
		421C746618937535000E3C30 /* Smart Baby Tracker */ = {
			isa = PBXGroup;
			children = (
				421C747518937535000E3C30 /* Main_iPad.storyboard */,
				421C747218937535000E3C30 /* Main_iPhone.storyboard */,
				42CB9A5518D5731C0097BBE3 /* SBTEncounterTableViewCell.h */,
				42CB9A5618D5731C0097BBE3 /* SBTEncounterTableViewCell.m */,
				42CB9A4F18D4F7260097BBE3 /* SBTBabyInfoTVC.h */,
				42CB9A5018D4F7260097BBE3 /* SBTBabyInfoTVC.m */,
				4287698718CD77AE007862AB /* SBTBabyEditViewController.h */,
				4287698818CD77AE007862AB /* SBTBabyEditViewController.m */,
				4287698418CD6F2E007862AB /* SBTChildrenViewController.h */,
				4287698518CD6F2E007862AB /* SBTChildrenViewController.m */,
				42CB9A5818D57C4E0097BBE3 /* SBTEncountersTVC.h */,
				42CB9A5918D57C4E0097BBE3 /* SBTEncountersTVC.m */,
				42CB9A5B18D589C30097BBE3 /* SBTVaccinesGivenTVC.h */,
				42CB9A5C18D589C30097BBE3 /* SBTVaccinesGivenTVC.m */,
				42CB9A5218D5092F0097BBE3 /* SBTImageStore.h */,
				42CB9A5318D5092F0097BBE3 /* SBTImageStore.m */,
				4248806718944C90009F2837 /* Model */,
				421C747E18937535000E3C30 /* Images.xcassets */,
				421C746718937535000E3C30 /* Supporting Files */,
			);
			path = "Smart Baby Tracker";
			sourceTree = "<group>";
		};
		421C746718937535000E3C30 /* Supporting Files */ = {
			isa = PBXGroup;
			children = (
				42C7540D18C2BBEE0050F38A /* Data files */,
				421C746E18937535000E3C30 /* Smart Baby Tracker-Prefix.pch */,
				421C746F18937535000E3C30 /* SBTAppDelegate.h */,
				421C747018937535000E3C30 /* SBTAppDelegate.m */,
				429700CD18AED9AA0013A91B /* ACIP Schedule.plist */,
				421C746818937535000E3C30 /* Smart Baby Tracker-Info.plist */,
				421C746918937535000E3C30 /* InfoPlist.strings */,
				421C746C18937535000E3C30 /* main.m */,
			);
			name = "Supporting Files";
			sourceTree = "<group>";
		};
		421C748B18937536000E3C30 /* Smart Baby TrackerTests */ = {
			isa = PBXGroup;
			children = (
				42901BD918CBD0B6002EB9E9 /* SBTHepBScheduleTest.m */,
				421C749118937536000E3C30 /* Smart_Baby_TrackerTests.m */,
				42F66E3518BC581D0099137F /* SBTDTaPScheduleTest.m */,
				42901BD718CB9756002EB9E9 /* SBTMMRScheduleTest.m */,
				42C753DA18C2B5630050F38A /* SBTGrowthDataSourceTests.m */,
				421C748C18937536000E3C30 /* Supporting Files */,
			);
			path = "Smart Baby TrackerTests";
			sourceTree = "<group>";
		};
		421C748C18937536000E3C30 /* Supporting Files */ = {
			isa = PBXGroup;
			children = (
				421C748D18937536000E3C30 /* Smart Baby TrackerTests-Info.plist */,
				421C748E18937536000E3C30 /* InfoPlist.strings */,
			);
			name = "Supporting Files";
			sourceTree = "<group>";
		};
		4248806718944C90009F2837 /* Model */ = {
			isa = PBXGroup;
			children = (
				4248806418944C84009F2837 /* SBTBaby.h */,
				4248806518944C84009F2837 /* SBTBaby.m */,
				42488068189459D2009F2837 /* SBTEncounter.h */,
				42488069189459D2009F2837 /* SBTEncounter.m */,
				4248806B18945CE2009F2837 /* SBTVaccine.h */,
				4248806C18945CE2009F2837 /* SBTVaccine.m */,
				42B6012E1895E1E6000C15F4 /* SBTVaccineSchedule.h */,
				42B6012F1895E1E6000C15F4 /* SBTVaccineSchedule.m */,
				426FF5D618C15DB000B66F36 /* SBTDataPoint.h */,
				426FF5D718C15DB000B66F36 /* SBTDataPoint.m */,
				426FF5D918C1A56200B66F36 /* SBTGrowthDataSource.h */,
				426FF5DA18C1A56200B66F36 /* SBTGrowthDataSource.m */,
				42E7F98A18C267AE00C49072 /* SBTWHODataSource.h */,
				42E7F98B18C267AE00C49072 /* SBTWHODataSource.m */,
				4258BCF418C40E1900E8232F /* SBTCDCDataSource.h */,
				4258BCF518C40E1900E8232F /* SBTCDCDataSource.m */,
				4226B8CB189F5F3B00682A6A /* NSDateComponents+Today.h */,
				4226B8CC189F5F3B00682A6A /* NSDateComponents+Today.m */,
			);
			name = Model;
			sourceTree = "<group>";
		};
		42C7540D18C2BBEE0050F38A /* Data files */ = {
			isa = PBXGroup;
			children = (
				4264369318C4459800414CA1 /* cdcbmiboys.txt */,
				4264369418C4459800414CA1 /* cdcbmigirls.txt */,
				4264369518C4459800414CA1 /* cdchcboys.txt */,
				4264369618C4459800414CA1 /* cdchcgirls.txt */,
				4264369718C4459800414CA1 /* cdclengthboys.txt */,
				4264369818C4459800414CA1 /* cdclengthgirls.txt */,
				4264369918C4459800414CA1 /* cdcstatureboys.txt */,
				4264369A18C4459800414CA1 /* cdcstaturegirls.txt */,
				4264369B18C4459800414CA1 /* cdcweightboys.txt */,
				4264369C18C4459800414CA1 /* cdcweightgirls.txt */,
				4264369D18C4459800414CA1 /* cdcweightinfantboys.txt */,
				4264369E18C4459800414CA1 /* cdcweightinfantgirls.txt */,
				4264369F18C4459800414CA1 /* whobmiboys.txt */,
				426436A018C4459800414CA1 /* whobmigirls.txt */,
				426436A118C4459800414CA1 /* whohcboys.txt */,
				426436A218C4459800414CA1 /* whohcgirls.txt */,
				426436A318C4459800414CA1 /* wholengthboys.txt */,
				426436A418C4459800414CA1 /* wholengthgirls.txt */,
				426436A518C4459800414CA1 /* whoweightboys.txt */,
				426436A618C4459800414CA1 /* whoweightgirls.txt */,
			);
			name = "Data files";
			sourceTree = "<group>";
		};
/* End PBXGroup section */

/* Begin PBXNativeTarget section */
		421C745C18937535000E3C30 /* Smart Baby Tracker */ = {
			isa = PBXNativeTarget;
			buildConfigurationList = 421C749518937536000E3C30 /* Build configuration list for PBXNativeTarget "Smart Baby Tracker" */;
			buildPhases = (
				421C745918937535000E3C30 /* Sources */,
				421C745A18937535000E3C30 /* Frameworks */,
				421C745B18937535000E3C30 /* Resources */,
			);
			buildRules = (
			);
			dependencies = (
			);
			name = "Smart Baby Tracker";
			productName = "Smart Baby Tracker";
			productReference = 421C745D18937535000E3C30 /* Smart Baby Tracker.app */;
			productType = "com.apple.product-type.application";
		};
		421C748318937535000E3C30 /* Smart Baby TrackerTests */ = {
			isa = PBXNativeTarget;
			buildConfigurationList = 421C749818937536000E3C30 /* Build configuration list for PBXNativeTarget "Smart Baby TrackerTests" */;
			buildPhases = (
				421C748018937535000E3C30 /* Sources */,
				421C748118937535000E3C30 /* Frameworks */,
				421C748218937535000E3C30 /* Resources */,
			);
			buildRules = (
			);
			dependencies = (
				421C748A18937536000E3C30 /* PBXTargetDependency */,
			);
			name = "Smart Baby TrackerTests";
			productName = "Smart Baby TrackerTests";
			productReference = 421C748418937535000E3C30 /* Smart Baby TrackerTests.xctest */;
			productType = "com.apple.product-type.bundle.unit-test";
		};
/* End PBXNativeTarget section */

/* Begin PBXProject section */
		421C745518937535000E3C30 /* Project object */ = {
			isa = PBXProject;
			attributes = {
				CLASSPREFIX = SBT;
				LastUpgradeCheck = 0510;
				ORGANIZATIONNAME = "J. HOWARD SMART";
				TargetAttributes = {
					421C748318937535000E3C30 = {
						TestTargetID = 421C745C18937535000E3C30;
					};
				};
			};
			buildConfigurationList = 421C745818937535000E3C30 /* Build configuration list for PBXProject "Smart Baby Tracker" */;
			compatibilityVersion = "Xcode 3.2";
			developmentRegion = English;
			hasScannedForEncodings = 0;
			knownRegions = (
				en,
				Base,
			);
			mainGroup = 421C745418937535000E3C30;
			productRefGroup = 421C745E18937535000E3C30 /* Products */;
			projectDirPath = "";
			projectRoot = "";
			targets = (
				421C745C18937535000E3C30 /* Smart Baby Tracker */,
				421C748318937535000E3C30 /* Smart Baby TrackerTests */,
			);
		};
/* End PBXProject section */

/* Begin PBXResourcesBuildPhase section */
		421C745B18937535000E3C30 /* Resources */ = {
			isa = PBXResourcesBuildPhase;
			buildActionMask = 2147483647;
			files = (
				426436AA18C4459800414CA1 /* cdchcgirls.txt in Resources */,
				426436B318C4459800414CA1 /* whobmiboys.txt in Resources */,
				426436B218C4459800414CA1 /* cdcweightinfantgirls.txt in Resources */,
				421C747718937535000E3C30 /* Main_iPad.storyboard in Resources */,
				421C747F18937535000E3C30 /* Images.xcassets in Resources */,
				429700CE18AED9AA0013A91B /* ACIP Schedule.plist in Resources */,
				426436B118C4459800414CA1 /* cdcweightinfantboys.txt in Resources */,
				426436AF18C4459800414CA1 /* cdcweightboys.txt in Resources */,
				421C747418937535000E3C30 /* Main_iPhone.storyboard in Resources */,
				426436AC18C4459800414CA1 /* cdclengthgirls.txt in Resources */,
				426436B918C4459800414CA1 /* whoweightboys.txt in Resources */,
				426436BA18C4459800414CA1 /* whoweightgirls.txt in Resources */,
				426436B818C4459800414CA1 /* wholengthgirls.txt in Resources */,
				421C746B18937535000E3C30 /* InfoPlist.strings in Resources */,
				426436AD18C4459800414CA1 /* cdcstatureboys.txt in Resources */,
				426436B018C4459800414CA1 /* cdcweightgirls.txt in Resources */,
				426436B518C4459800414CA1 /* whohcboys.txt in Resources */,
				426436B718C4459800414CA1 /* wholengthboys.txt in Resources */,
				426436A918C4459800414CA1 /* cdchcboys.txt in Resources */,
				426436A818C4459800414CA1 /* cdcbmigirls.txt in Resources */,
				426436B418C4459800414CA1 /* whobmigirls.txt in Resources */,
				426436B618C4459800414CA1 /* whohcgirls.txt in Resources */,
				426436AB18C4459800414CA1 /* cdclengthboys.txt in Resources */,
				426436AE18C4459800414CA1 /* cdcstaturegirls.txt in Resources */,
				426436A718C4459800414CA1 /* cdcbmiboys.txt in Resources */,
			);
			runOnlyForDeploymentPostprocessing = 0;
		};
		421C748218937535000E3C30 /* Resources */ = {
			isa = PBXResourcesBuildPhase;
			buildActionMask = 2147483647;
			files = (
				421C749018937536000E3C30 /* InfoPlist.strings in Resources */,
			);
			runOnlyForDeploymentPostprocessing = 0;
		};
/* End PBXResourcesBuildPhase section */

/* Begin PBXSourcesBuildPhase section */
		421C745918937535000E3C30 /* Sources */ = {
			isa = PBXSourcesBuildPhase;
			buildActionMask = 2147483647;
			files = (
				426FF5DB18C1A56200B66F36 /* SBTGrowthDataSource.m in Sources */,
				42E7F98C18C267AE00C49072 /* SBTWHODataSource.m in Sources */,
				42B601301895E1E6000C15F4 /* SBTVaccineSchedule.m in Sources */,
				42CB9A5418D5092F0097BBE3 /* SBTImageStore.m in Sources */,
				4287698618CD6F2E007862AB /* SBTChildrenViewController.m in Sources */,
				42CB9A5D18D589C30097BBE3 /* SBTVaccinesGivenTVC.m in Sources */,
				42CB9A5718D5731C0097BBE3 /* SBTEncounterTableViewCell.m in Sources */,
				421C747118937535000E3C30 /* SBTAppDelegate.m in Sources */,
				4248806A189459D2009F2837 /* SBTEncounter.m in Sources */,
				4258BCF618C40E1900E8232F /* SBTCDCDataSource.m in Sources */,
				4248806618944C84009F2837 /* SBTBaby.m in Sources */,
				421C746D18937535000E3C30 /* main.m in Sources */,
				42CB9A5118D4F7260097BBE3 /* SBTBabyInfoTVC.m in Sources */,
				42CB9A5A18D57C4E0097BBE3 /* SBTEncountersTVC.m in Sources */,
				4248806D18945CE2009F2837 /* SBTVaccine.m in Sources */,
				4287698918CD77AE007862AB /* SBTBabyEditViewController.m in Sources */,
				426FF5D818C15DB000B66F36 /* SBTDataPoint.m in Sources */,
				4226B8CD189F5F3B00682A6A /* NSDateComponents+Today.m in Sources */,
			);
			runOnlyForDeploymentPostprocessing = 0;
		};
		421C748018937535000E3C30 /* Sources */ = {
			isa = PBXSourcesBuildPhase;
			buildActionMask = 2147483647;
			files = (
				42C753DB18C2B5630050F38A /* SBTGrowthDataSourceTests.m in Sources */,
				42901BDA18CBD0B6002EB9E9 /* SBTHepBScheduleTest.m in Sources */,
				42901BD818CB9756002EB9E9 /* SBTMMRScheduleTest.m in Sources */,
				421C749218937536000E3C30 /* Smart_Baby_TrackerTests.m in Sources */,
				42F66E3618BC581D0099137F /* SBTDTaPScheduleTest.m in Sources */,
			);
			runOnlyForDeploymentPostprocessing = 0;
		};
/* End PBXSourcesBuildPhase section */

/* Begin PBXTargetDependency section */
		421C748A18937536000E3C30 /* PBXTargetDependency */ = {
			isa = PBXTargetDependency;
			target = 421C745C18937535000E3C30 /* Smart Baby Tracker */;
			targetProxy = 421C748918937536000E3C30 /* PBXContainerItemProxy */;
		};
/* End PBXTargetDependency section */

/* Begin PBXVariantGroup section */
		421C746918937535000E3C30 /* InfoPlist.strings */ = {
			isa = PBXVariantGroup;
			children = (
				421C746A18937535000E3C30 /* en */,
			);
			name = InfoPlist.strings;
			sourceTree = "<group>";
		};
		421C747218937535000E3C30 /* Main_iPhone.storyboard */ = {
			isa = PBXVariantGroup;
			children = (
				421C747318937535000E3C30 /* Base */,
			);
			name = Main_iPhone.storyboard;
			sourceTree = "<group>";
		};
		421C747518937535000E3C30 /* Main_iPad.storyboard */ = {
			isa = PBXVariantGroup;
			children = (
				421C747618937535000E3C30 /* Base */,
			);
			name = Main_iPad.storyboard;
			sourceTree = "<group>";
		};
		421C748E18937536000E3C30 /* InfoPlist.strings */ = {
			isa = PBXVariantGroup;
			children = (
				421C748F18937536000E3C30 /* en */,
			);
			name = InfoPlist.strings;
			sourceTree = "<group>";
		};
/* End PBXVariantGroup section */

/* Begin XCBuildConfiguration section */
		421C749318937536000E3C30 /* Debug */ = {
			isa = XCBuildConfiguration;
			buildSettings = {
				ALWAYS_SEARCH_USER_PATHS = NO;
				CLANG_CXX_LANGUAGE_STANDARD = "gnu++0x";
				CLANG_CXX_LIBRARY = "libc++";
				CLANG_ENABLE_MODULES = YES;
				CLANG_ENABLE_OBJC_ARC = YES;
				CLANG_WARN_BOOL_CONVERSION = YES;
				CLANG_WARN_CONSTANT_CONVERSION = YES;
				CLANG_WARN_DIRECT_OBJC_ISA_USAGE = YES_ERROR;
				CLANG_WARN_EMPTY_BODY = YES;
				CLANG_WARN_ENUM_CONVERSION = YES;
				CLANG_WARN_INT_CONVERSION = YES;
				CLANG_WARN_OBJC_ROOT_CLASS = YES_ERROR;
				CLANG_WARN__DUPLICATE_METHOD_MATCH = YES;
				"CODE_SIGN_IDENTITY[sdk=iphoneos*]" = "iPhone Developer";
				COPY_PHASE_STRIP = NO;
				GCC_C_LANGUAGE_STANDARD = gnu99;
				GCC_DYNAMIC_NO_PIC = NO;
				GCC_OPTIMIZATION_LEVEL = 0;
				GCC_PREPROCESSOR_DEFINITIONS = (
					"DEBUG=1",
					"$(inherited)",
				);
				GCC_SYMBOLS_PRIVATE_EXTERN = NO;
				GCC_WARN_64_TO_32_BIT_CONVERSION = YES;
				GCC_WARN_ABOUT_RETURN_TYPE = YES_ERROR;
				GCC_WARN_UNDECLARED_SELECTOR = YES;
				GCC_WARN_UNINITIALIZED_AUTOS = YES;
				GCC_WARN_UNUSED_FUNCTION = YES;
				GCC_WARN_UNUSED_VARIABLE = YES;
				IPHONEOS_DEPLOYMENT_TARGET = 7.0;
				ONLY_ACTIVE_ARCH = YES;
				SDKROOT = iphoneos;
				TARGETED_DEVICE_FAMILY = "1,2";
			};
			name = Debug;
		};
		421C749418937536000E3C30 /* Release */ = {
			isa = XCBuildConfiguration;
			buildSettings = {
				ALWAYS_SEARCH_USER_PATHS = NO;
				CLANG_CXX_LANGUAGE_STANDARD = "gnu++0x";
				CLANG_CXX_LIBRARY = "libc++";
				CLANG_ENABLE_MODULES = YES;
				CLANG_ENABLE_OBJC_ARC = YES;
				CLANG_WARN_BOOL_CONVERSION = YES;
				CLANG_WARN_CONSTANT_CONVERSION = YES;
				CLANG_WARN_DIRECT_OBJC_ISA_USAGE = YES_ERROR;
				CLANG_WARN_EMPTY_BODY = YES;
				CLANG_WARN_ENUM_CONVERSION = YES;
				CLANG_WARN_INT_CONVERSION = YES;
				CLANG_WARN_OBJC_ROOT_CLASS = YES_ERROR;
				CLANG_WARN__DUPLICATE_METHOD_MATCH = YES;
				"CODE_SIGN_IDENTITY[sdk=iphoneos*]" = "iPhone Developer";
				COPY_PHASE_STRIP = YES;
				ENABLE_NS_ASSERTIONS = NO;
				GCC_C_LANGUAGE_STANDARD = gnu99;
				GCC_WARN_64_TO_32_BIT_CONVERSION = YES;
				GCC_WARN_ABOUT_RETURN_TYPE = YES_ERROR;
				GCC_WARN_UNDECLARED_SELECTOR = YES;
				GCC_WARN_UNINITIALIZED_AUTOS = YES;
				GCC_WARN_UNUSED_FUNCTION = YES;
				GCC_WARN_UNUSED_VARIABLE = YES;
				IPHONEOS_DEPLOYMENT_TARGET = 7.0;
				SDKROOT = iphoneos;
				TARGETED_DEVICE_FAMILY = "1,2";
				VALIDATE_PRODUCT = YES;
			};
			name = Release;
		};
		421C749618937536000E3C30 /* Debug */ = {
			isa = XCBuildConfiguration;
			buildSettings = {
				ASSETCATALOG_COMPILER_APPICON_NAME = AppIcon;
				ASSETCATALOG_COMPILER_LAUNCHIMAGE_NAME = LaunchImage;
				GCC_PRECOMPILE_PREFIX_HEADER = YES;
				GCC_PREFIX_HEADER = "Smart Baby Tracker/Smart Baby Tracker-Prefix.pch";
				INFOPLIST_FILE = "Smart Baby Tracker/Smart Baby Tracker-Info.plist";
				PRODUCT_NAME = "$(TARGET_NAME)";
				WRAPPER_EXTENSION = app;
			};
			name = Debug;
		};
		421C749718937536000E3C30 /* Release */ = {
			isa = XCBuildConfiguration;
			buildSettings = {
				ASSETCATALOG_COMPILER_APPICON_NAME = AppIcon;
				ASSETCATALOG_COMPILER_LAUNCHIMAGE_NAME = LaunchImage;
				GCC_PRECOMPILE_PREFIX_HEADER = YES;
				GCC_PREFIX_HEADER = "Smart Baby Tracker/Smart Baby Tracker-Prefix.pch";
				INFOPLIST_FILE = "Smart Baby Tracker/Smart Baby Tracker-Info.plist";
				PRODUCT_NAME = "$(TARGET_NAME)";
				WRAPPER_EXTENSION = app;
			};
			name = Release;
		};
		421C749918937536000E3C30 /* Debug */ = {
			isa = XCBuildConfiguration;
			buildSettings = {
				BUNDLE_LOADER = "$(BUILT_PRODUCTS_DIR)/Smart Baby Tracker.app/Smart Baby Tracker";
				FRAMEWORK_SEARCH_PATHS = (
					"$(SDKROOT)/Developer/Library/Frameworks",
					"$(inherited)",
					"$(DEVELOPER_FRAMEWORKS_DIR)",
				);
				GCC_PRECOMPILE_PREFIX_HEADER = YES;
				GCC_PREFIX_HEADER = "Smart Baby Tracker/Smart Baby Tracker-Prefix.pch";
				GCC_PREPROCESSOR_DEFINITIONS = (
					"DEBUG=1",
					"$(inherited)",
				);
				INFOPLIST_FILE = "Smart Baby TrackerTests/Smart Baby TrackerTests-Info.plist";
				PRODUCT_NAME = "$(TARGET_NAME)";
				TEST_HOST = "$(BUNDLE_LOADER)";
				WRAPPER_EXTENSION = xctest;
			};
			name = Debug;
		};
		421C749A18937536000E3C30 /* Release */ = {
			isa = XCBuildConfiguration;
			buildSettings = {
				BUNDLE_LOADER = "$(BUILT_PRODUCTS_DIR)/Smart Baby Tracker.app/Smart Baby Tracker";
				FRAMEWORK_SEARCH_PATHS = (
					"$(SDKROOT)/Developer/Library/Frameworks",
					"$(inherited)",
					"$(DEVELOPER_FRAMEWORKS_DIR)",
				);
				GCC_PRECOMPILE_PREFIX_HEADER = YES;
				GCC_PREFIX_HEADER = "Smart Baby Tracker/Smart Baby Tracker-Prefix.pch";
				INFOPLIST_FILE = "Smart Baby TrackerTests/Smart Baby TrackerTests-Info.plist";
				PRODUCT_NAME = "$(TARGET_NAME)";
				TEST_HOST = "$(BUNDLE_LOADER)";
				WRAPPER_EXTENSION = xctest;
			};
			name = Release;
		};
/* End XCBuildConfiguration section */

/* Begin XCConfigurationList section */
		421C745818937535000E3C30 /* Build configuration list for PBXProject "Smart Baby Tracker" */ = {
			isa = XCConfigurationList;
			buildConfigurations = (
				421C749318937536000E3C30 /* Debug */,
				421C749418937536000E3C30 /* Release */,
			);
			defaultConfigurationIsVisible = 0;
			defaultConfigurationName = Release;
		};
		421C749518937536000E3C30 /* Build configuration list for PBXNativeTarget "Smart Baby Tracker" */ = {
			isa = XCConfigurationList;
			buildConfigurations = (
				421C749618937536000E3C30 /* Debug */,
				421C749718937536000E3C30 /* Release */,
			);
			defaultConfigurationIsVisible = 0;
			defaultConfigurationName = Release;
		};
		421C749818937536000E3C30 /* Build configuration list for PBXNativeTarget "Smart Baby TrackerTests" */ = {
			isa = XCConfigurationList;
			buildConfigurations = (
				421C749918937536000E3C30 /* Debug */,
				421C749A18937536000E3C30 /* Release */,
			);
			defaultConfigurationIsVisible = 0;
			defaultConfigurationName = Release;
		};
/* End XCConfigurationList section */
	};
	rootObject = 421C745518937535000E3C30 /* Project object */;
}
