// !$*UTF8*$!
{
	archiveVersion = 1;
	classes = {
	};
	objectVersion = 46;
	objects = {

/* Begin PBXBuildFile section */
		421C2A7018E3D12100EE8A19 /* UIColor+SBTColors.m in Sources */ = {isa = PBXBuildFile; fileRef = 421C2A6F18E3D12100EE8A19 /* UIColor+SBTColors.m */; };
		421C746118937535000E3C30 /* Foundation.framework in Frameworks */ = {isa = PBXBuildFile; fileRef = 421C746018937535000E3C30 /* Foundation.framework */; };
		421C746318937535000E3C30 /* CoreGraphics.framework in Frameworks */ = {isa = PBXBuildFile; fileRef = 421C746218937535000E3C30 /* CoreGraphics.framework */; };
		421C746518937535000E3C30 /* UIKit.framework in Frameworks */ = {isa = PBXBuildFile; fileRef = 421C746418937535000E3C30 /* UIKit.framework */; };
		421C746B18937535000E3C30 /* InfoPlist.strings in Resources */ = {isa = PBXBuildFile; fileRef = 421C746918937535000E3C30 /* InfoPlist.strings */; };
		421C746D18937535000E3C30 /* main.m in Sources */ = {isa = PBXBuildFile; fileRef = 421C746C18937535000E3C30 /* main.m */; };
		421C747118937535000E3C30 /* SBTAppDelegate.m in Sources */ = {isa = PBXBuildFile; fileRef = 421C747018937535000E3C30 /* SBTAppDelegate.m */; };
		421C747F18937535000E3C30 /* Images.xcassets in Resources */ = {isa = PBXBuildFile; fileRef = 421C747E18937535000E3C30 /* Images.xcassets */; };
		421CEE631BACEA7E00A46E8A /* SBTDocumentImageCell.m in Sources */ = {isa = PBXBuildFile; fileRef = 421CEE621BACEA7E00A46E8A /* SBTDocumentImageCell.m */; };
		4220B75718E4C2B500557F27 /* SBTGraphPoint.m in Sources */ = {isa = PBXBuildFile; fileRef = 4220B75618E4C2B500557F27 /* SBTGraphPoint.m */; };
		4226B8CD189F5F3B00682A6A /* NSDateComponents+Today.m in Sources */ = {isa = PBXBuildFile; fileRef = 4226B8CC189F5F3B00682A6A /* NSDateComponents+Today.m */; };
		4228C3ED1BAD137C00316085 /* SBTDocumentImageEditTVC.m in Sources */ = {isa = PBXBuildFile; fileRef = 4228C3EC1BAD137C00316085 /* SBTDocumentImageEditTVC.m */; };
		423091BB1AB3F76D00E5EC63 /* SBTGraphVC.m in Sources */ = {isa = PBXBuildFile; fileRef = 423091BA1AB3F76D00E5EC63 /* SBTGraphVC.m */; };
		423E593E1920890500E2E9AC /* babies.data in Resources */ = {isa = PBXBuildFile; fileRef = 423E593D1920890500E2E9AC /* babies.data */; };
		4248806618944C84009F2837 /* SBTBaby.m in Sources */ = {isa = PBXBuildFile; fileRef = 4248806518944C84009F2837 /* SBTBaby.m */; };
		4248806A189459D2009F2837 /* SBTEncounter.m in Sources */ = {isa = PBXBuildFile; fileRef = 42488069189459D2009F2837 /* SBTEncounter.m */; };
		4248806D18945CE2009F2837 /* SBTVaccine.m in Sources */ = {isa = PBXBuildFile; fileRef = 4248806C18945CE2009F2837 /* SBTVaccine.m */; };
		424B721C1BA62F6A005BC760 /* SBTDocumentsTVC.m in Sources */ = {isa = PBXBuildFile; fileRef = 424B721B1BA62F6A005BC760 /* SBTDocumentsTVC.m */; };
		424B721F1BA62FED005BC760 /* SBTDocumentImage.m in Sources */ = {isa = PBXBuildFile; fileRef = 424B721E1BA62FED005BC760 /* SBTDocumentImage.m */; };
		4258BCF618C40E1900E8232F /* SBTCDCDataSource.m in Sources */ = {isa = PBXBuildFile; fileRef = 4258BCF518C40E1900E8232F /* SBTCDCDataSource.m */; };
		425D58E218DEA5B100B0AA3C /* SBTEncounterInfoTVC.m in Sources */ = {isa = PBXBuildFile; fileRef = 425D58E118DEA5B100B0AA3C /* SBTEncounterInfoTVC.m */; };
		426436A718C4459800414CA1 /* cdcbmiboys.txt in Resources */ = {isa = PBXBuildFile; fileRef = 4264369318C4459800414CA1 /* cdcbmiboys.txt */; };
		426436A818C4459800414CA1 /* cdcbmigirls.txt in Resources */ = {isa = PBXBuildFile; fileRef = 4264369418C4459800414CA1 /* cdcbmigirls.txt */; };
		426436A918C4459800414CA1 /* cdchcboys.txt in Resources */ = {isa = PBXBuildFile; fileRef = 4264369518C4459800414CA1 /* cdchcboys.txt */; };
		426436AA18C4459800414CA1 /* cdchcgirls.txt in Resources */ = {isa = PBXBuildFile; fileRef = 4264369618C4459800414CA1 /* cdchcgirls.txt */; };
		426436AB18C4459800414CA1 /* cdclengthboys.txt in Resources */ = {isa = PBXBuildFile; fileRef = 4264369718C4459800414CA1 /* cdclengthboys.txt */; };
		426436AC18C4459800414CA1 /* cdclengthgirls.txt in Resources */ = {isa = PBXBuildFile; fileRef = 4264369818C4459800414CA1 /* cdclengthgirls.txt */; };
		426436AD18C4459800414CA1 /* cdcstatureboys.txt in Resources */ = {isa = PBXBuildFile; fileRef = 4264369918C4459800414CA1 /* cdcstatureboys.txt */; };
		426436AE18C4459800414CA1 /* cdcstaturegirls.txt in Resources */ = {isa = PBXBuildFile; fileRef = 4264369A18C4459800414CA1 /* cdcstaturegirls.txt */; };
		426436AF18C4459800414CA1 /* cdcweightboys.txt in Resources */ = {isa = PBXBuildFile; fileRef = 4264369B18C4459800414CA1 /* cdcweightboys.txt */; };
		426436B018C4459800414CA1 /* cdcweightgirls.txt in Resources */ = {isa = PBXBuildFile; fileRef = 4264369C18C4459800414CA1 /* cdcweightgirls.txt */; };
		426436B118C4459800414CA1 /* cdcweightinfantboys.txt in Resources */ = {isa = PBXBuildFile; fileRef = 4264369D18C4459800414CA1 /* cdcweightinfantboys.txt */; };
		426436B218C4459800414CA1 /* cdcweightinfantgirls.txt in Resources */ = {isa = PBXBuildFile; fileRef = 4264369E18C4459800414CA1 /* cdcweightinfantgirls.txt */; };
		426436B318C4459800414CA1 /* whobmiinfantboys.txt in Resources */ = {isa = PBXBuildFile; fileRef = 4264369F18C4459800414CA1 /* whobmiinfantboys.txt */; };
		426436B418C4459800414CA1 /* whobmiinfantgirls.txt in Resources */ = {isa = PBXBuildFile; fileRef = 426436A018C4459800414CA1 /* whobmiinfantgirls.txt */; };
		426436B518C4459800414CA1 /* whohcboys.txt in Resources */ = {isa = PBXBuildFile; fileRef = 426436A118C4459800414CA1 /* whohcboys.txt */; };
		426436B618C4459800414CA1 /* whohcgirls.txt in Resources */ = {isa = PBXBuildFile; fileRef = 426436A218C4459800414CA1 /* whohcgirls.txt */; };
		426436B718C4459800414CA1 /* wholengthboys.txt in Resources */ = {isa = PBXBuildFile; fileRef = 426436A318C4459800414CA1 /* wholengthboys.txt */; };
		426436B818C4459800414CA1 /* wholengthgirls.txt in Resources */ = {isa = PBXBuildFile; fileRef = 426436A418C4459800414CA1 /* wholengthgirls.txt */; };
		426436B918C4459800414CA1 /* whoweightinfantboys.txt in Resources */ = {isa = PBXBuildFile; fileRef = 426436A518C4459800414CA1 /* whoweightinfantboys.txt */; };
		426436BA18C4459800414CA1 /* whoweightinfantgirls.txt in Resources */ = {isa = PBXBuildFile; fileRef = 426436A618C4459800414CA1 /* whoweightinfantgirls.txt */; };
		4269473B18D66CB700D5B06F /* SBTUnitsConvertor.m in Sources */ = {isa = PBXBuildFile; fileRef = 4269473A18D66CB700D5B06F /* SBTUnitsConvertor.m */; };
		4269C7461AA9865A0011FA64 /* SBTVaccineRecall.m in Sources */ = {isa = PBXBuildFile; fileRef = 4269C7451AA9865A0011FA64 /* SBTVaccineRecall.m */; };
		426AC51519024D8700EF694C /* whobmigirls.txt in Resources */ = {isa = PBXBuildFile; fileRef = 426AC50F19024D8700EF694C /* whobmigirls.txt */; };
		426AC51619024D8700EF694C /* whobmiboys.txt in Resources */ = {isa = PBXBuildFile; fileRef = 426AC51019024D8700EF694C /* whobmiboys.txt */; };
		426AC51719024D8700EF694C /* whostatureboys.txt in Resources */ = {isa = PBXBuildFile; fileRef = 426AC51119024D8700EF694C /* whostatureboys.txt */; };
		426AC51819024D8700EF694C /* whostaturegirls.txt in Resources */ = {isa = PBXBuildFile; fileRef = 426AC51219024D8700EF694C /* whostaturegirls.txt */; };
		426AC51919024D8700EF694C /* whoweightboys.txt in Resources */ = {isa = PBXBuildFile; fileRef = 426AC51319024D8700EF694C /* whoweightboys.txt */; };
		426AC51A19024D8700EF694C /* whoweightgirls.txt in Resources */ = {isa = PBXBuildFile; fileRef = 426AC51419024D8700EF694C /* whoweightgirls.txt */; };
		426FF5D818C15DB000B66F36 /* SBTDataPoint.m in Sources */ = {isa = PBXBuildFile; fileRef = 426FF5D718C15DB000B66F36 /* SBTDataPoint.m */; };
		426FF5DB18C1A56200B66F36 /* SBTGrowthDataSource.m in Sources */ = {isa = PBXBuildFile; fileRef = 426FF5DA18C1A56200B66F36 /* SBTGrowthDataSource.m */; };
		4279754B18F1EC5A00F506C7 /* SBTPreferencesTVC.m in Sources */ = {isa = PBXBuildFile; fileRef = 4279754A18F1EC5A00F506C7 /* SBTPreferencesTVC.m */; };
		4281384B1AA2BE3F00770A26 /* SBTScannerViewController.m in Sources */ = {isa = PBXBuildFile; fileRef = 4281384A1AA2BE3F00770A26 /* SBTScannerViewController.m */; };
		4281384E1AA2BF3300770A26 /* SBTAddScannedVaccinesTVC.m in Sources */ = {isa = PBXBuildFile; fileRef = 4281384D1AA2BF3300770A26 /* SBTAddScannedVaccinesTVC.m */; };
		428138511AA2C8D600770A26 /* SBTScannedVaccineDetailsTVC.m in Sources */ = {isa = PBXBuildFile; fileRef = 428138501AA2C8D600770A26 /* SBTScannedVaccineDetailsTVC.m */; };
		428138571AA2D86A00770A26 /* BCRVaccineCodeLoader.m in Sources */ = {isa = PBXBuildFile; fileRef = 428138561AA2D86A00770A26 /* BCRVaccineCodeLoader.m */; };
		4287698618CD6F2E007862AB /* SBTChildrenViewController.m in Sources */ = {isa = PBXBuildFile; fileRef = 4287698518CD6F2E007862AB /* SBTChildrenViewController.m */; };
		4287698918CD77AE007862AB /* SBTBabyEditViewController.m in Sources */ = {isa = PBXBuildFile; fileRef = 4287698818CD77AE007862AB /* SBTBabyEditViewController.m */; };
		429700CE18AED9AA0013A91B /* ACIP Schedule.plist in Resources */ = {isa = PBXBuildFile; fileRef = 429700CD18AED9AA0013A91B /* ACIP Schedule.plist */; };
		42AAD6041B2BE00F00166071 /* SBTEncounterEditTVC.m in Sources */ = {isa = PBXBuildFile; fileRef = 42AAD6031B2BE00F00166071 /* SBTEncounterEditTVC.m */; };
		42AAD6071B2BE50A00166071 /* SBTMeasurementEntryVC.m in Sources */ = {isa = PBXBuildFile; fileRef = 42AAD6061B2BE50A00166071 /* SBTMeasurementEntryVC.m */; };
		42B601301895E1E6000C15F4 /* SBTVaccineSchedule.m in Sources */ = {isa = PBXBuildFile; fileRef = 42B6012F1895E1E6000C15F4 /* SBTVaccineSchedule.m */; };
		42BFE7D518D7F1DA00B0E2F4 /* SBTDataStore.m in Sources */ = {isa = PBXBuildFile; fileRef = 42BFE7D418D7F1DA00B0E2F4 /* SBTDataStore.m */; };
		42C3E7541B6E9E12003DB2BC /* vaccineRecalls.plist in Resources */ = {isa = PBXBuildFile; fileRef = 42C3E7531B6E9E12003DB2BC /* vaccineRecalls.plist */; };
		42C75D891B3FB505004D7EB6 /* Smart_BabyBook_Tests.m in Sources */ = {isa = PBXBuildFile; fileRef = 42C75D881B3FB505004D7EB6 /* Smart_BabyBook_Tests.m */; };
		42CB9A5118D4F7260097BBE3 /* SBTBabyInfoTVC.m in Sources */ = {isa = PBXBuildFile; fileRef = 42CB9A5018D4F7260097BBE3 /* SBTBabyInfoTVC.m */; };
		42CB9A5718D5731C0097BBE3 /* SBTEncounterTableViewCell.m in Sources */ = {isa = PBXBuildFile; fileRef = 42CB9A5618D5731C0097BBE3 /* SBTEncounterTableViewCell.m */; };
		42CB9A5A18D57C4E0097BBE3 /* SBTEncountersTVC.m in Sources */ = {isa = PBXBuildFile; fileRef = 42CB9A5918D57C4E0097BBE3 /* SBTEncountersTVC.m */; };
		42CB9A5D18D589C30097BBE3 /* SBTVaccinesGivenTVC.m in Sources */ = {isa = PBXBuildFile; fileRef = 42CB9A5C18D589C30097BBE3 /* SBTVaccinesGivenTVC.m */; };
		42D481791A3376410058C7AE /* Univ_Storyboard.storyboard in Resources */ = {isa = PBXBuildFile; fileRef = 42D481781A3376410058C7AE /* Univ_Storyboard.storyboard */; };
		42E7F98C18C267AE00C49072 /* SBTWHODataSource.m in Sources */ = {isa = PBXBuildFile; fileRef = 42E7F98B18C267AE00C49072 /* SBTWHODataSource.m */; };
		42EE185C1F9188C500563B70 /* VaccineNDCs.txt in Resources */ = {isa = PBXBuildFile; fileRef = 42EE185B1F9188C400563B70 /* VaccineNDCs.txt */; };
		42F49E471B37916000F0D89D /* SBTChildCell.m in Sources */ = {isa = PBXBuildFile; fileRef = 42F49E461B37916000F0D89D /* SBTChildCell.m */; };
		8958B497191F316A007C032B /* SBTVaccineGridViewController.m in Sources */ = {isa = PBXBuildFile; fileRef = 8958B496191F316A007C032B /* SBTVaccineGridViewController.m */; };
		8958B49A191F3875007C032B /* SBTVaccineCell.m in Sources */ = {isa = PBXBuildFile; fileRef = 8958B499191F3875007C032B /* SBTVaccineCell.m */; };
		8958B49D191F452D007C032B /* SBTVaccineGridHeader.m in Sources */ = {isa = PBXBuildFile; fileRef = 8958B49C191F452D007C032B /* SBTVaccineGridHeader.m */; };
/* End PBXBuildFile section */

/* Begin PBXContainerItemProxy section */
		42C75D8A1B3FB505004D7EB6 /* PBXContainerItemProxy */ = {
			isa = PBXContainerItemProxy;
			containerPortal = 421C745518937535000E3C30 /* Project object */;
			proxyType = 1;
			remoteGlobalIDString = 421C745C18937535000E3C30;
			remoteInfo = "Smart BabyBook";
		};
/* End PBXContainerItemProxy section */

/* Begin PBXFileReference section */
		421C2A6E18E3D12100EE8A19 /* UIColor+SBTColors.h */ = {isa = PBXFileReference; fileEncoding = 4; lastKnownFileType = sourcecode.c.h; path = "UIColor+SBTColors.h"; sourceTree = "<group>"; };
		421C2A6F18E3D12100EE8A19 /* UIColor+SBTColors.m */ = {isa = PBXFileReference; fileEncoding = 4; lastKnownFileType = sourcecode.c.objc; path = "UIColor+SBTColors.m"; sourceTree = "<group>"; };
		421C745D18937535000E3C30 /* Smart BabyBook.app */ = {isa = PBXFileReference; explicitFileType = wrapper.application; includeInIndex = 0; path = "Smart BabyBook.app"; sourceTree = BUILT_PRODUCTS_DIR; };
		421C746018937535000E3C30 /* Foundation.framework */ = {isa = PBXFileReference; lastKnownFileType = wrapper.framework; name = Foundation.framework; path = System/Library/Frameworks/Foundation.framework; sourceTree = SDKROOT; };
		421C746218937535000E3C30 /* CoreGraphics.framework */ = {isa = PBXFileReference; lastKnownFileType = wrapper.framework; name = CoreGraphics.framework; path = System/Library/Frameworks/CoreGraphics.framework; sourceTree = SDKROOT; };
		421C746418937535000E3C30 /* UIKit.framework */ = {isa = PBXFileReference; lastKnownFileType = wrapper.framework; name = UIKit.framework; path = System/Library/Frameworks/UIKit.framework; sourceTree = SDKROOT; };
		421C746818937535000E3C30 /* Smart BabyBook-Info.plist */ = {isa = PBXFileReference; lastKnownFileType = text.plist.xml; path = "Smart BabyBook-Info.plist"; sourceTree = "<group>"; };
		421C746A18937535000E3C30 /* en */ = {isa = PBXFileReference; lastKnownFileType = text.plist.strings; name = en; path = en.lproj/InfoPlist.strings; sourceTree = "<group>"; };
		421C746C18937535000E3C30 /* main.m */ = {isa = PBXFileReference; lastKnownFileType = sourcecode.c.objc; path = main.m; sourceTree = "<group>"; };
		421C746E18937535000E3C30 /* Smart BabyBook-Prefix.pch */ = {isa = PBXFileReference; lastKnownFileType = sourcecode.c.h; path = "Smart BabyBook-Prefix.pch"; sourceTree = "<group>"; };
		421C746F18937535000E3C30 /* SBTAppDelegate.h */ = {isa = PBXFileReference; lastKnownFileType = sourcecode.c.h; path = SBTAppDelegate.h; sourceTree = "<group>"; };
		421C747018937535000E3C30 /* SBTAppDelegate.m */ = {isa = PBXFileReference; lastKnownFileType = sourcecode.c.objc; path = SBTAppDelegate.m; sourceTree = "<group>"; };
		421C747E18937535000E3C30 /* Images.xcassets */ = {isa = PBXFileReference; lastKnownFileType = folder.assetcatalog; name = Images.xcassets; path = "Smart Baby Tracker/Images.xcassets"; sourceTree = "<group>"; };
		421C748518937535000E3C30 /* XCTest.framework */ = {isa = PBXFileReference; lastKnownFileType = wrapper.framework; name = XCTest.framework; path = Library/Frameworks/XCTest.framework; sourceTree = DEVELOPER_DIR; };
		421CEE611BACEA7E00A46E8A /* SBTDocumentImageCell.h */ = {isa = PBXFileReference; fileEncoding = 4; lastKnownFileType = sourcecode.c.h; path = SBTDocumentImageCell.h; sourceTree = "<group>"; };
		421CEE621BACEA7E00A46E8A /* SBTDocumentImageCell.m */ = {isa = PBXFileReference; fileEncoding = 4; lastKnownFileType = sourcecode.c.objc; path = SBTDocumentImageCell.m; sourceTree = "<group>"; };
		4220B75518E4C2B500557F27 /* SBTGraphPoint.h */ = {isa = PBXFileReference; fileEncoding = 4; lastKnownFileType = sourcecode.c.h; path = SBTGraphPoint.h; sourceTree = "<group>"; };
		4220B75618E4C2B500557F27 /* SBTGraphPoint.m */ = {isa = PBXFileReference; fileEncoding = 4; lastKnownFileType = sourcecode.c.objc; path = SBTGraphPoint.m; sourceTree = "<group>"; };
		4226B8CB189F5F3B00682A6A /* NSDateComponents+Today.h */ = {isa = PBXFileReference; fileEncoding = 4; lastKnownFileType = sourcecode.c.h; path = "NSDateComponents+Today.h"; sourceTree = "<group>"; };
		4226B8CC189F5F3B00682A6A /* NSDateComponents+Today.m */ = {isa = PBXFileReference; fileEncoding = 4; lastKnownFileType = sourcecode.c.objc; path = "NSDateComponents+Today.m"; sourceTree = "<group>"; };
		4228C3EB1BAD137C00316085 /* SBTDocumentImageEditTVC.h */ = {isa = PBXFileReference; fileEncoding = 4; lastKnownFileType = sourcecode.c.h; path = SBTDocumentImageEditTVC.h; sourceTree = "<group>"; };
		4228C3EC1BAD137C00316085 /* SBTDocumentImageEditTVC.m */ = {isa = PBXFileReference; fileEncoding = 4; lastKnownFileType = sourcecode.c.objc; path = SBTDocumentImageEditTVC.m; sourceTree = "<group>"; };
		423091B91AB3F76D00E5EC63 /* SBTGraphVC.h */ = {isa = PBXFileReference; fileEncoding = 4; lastKnownFileType = sourcecode.c.h; path = SBTGraphVC.h; sourceTree = "<group>"; };
		423091BA1AB3F76D00E5EC63 /* SBTGraphVC.m */ = {isa = PBXFileReference; fileEncoding = 4; lastKnownFileType = sourcecode.c.objc; path = SBTGraphVC.m; sourceTree = "<group>"; };
		423E593D1920890500E2E9AC /* babies.data */ = {isa = PBXFileReference; lastKnownFileType = file.bplist; path = babies.data; sourceTree = "<group>"; };
		4248806418944C84009F2837 /* SBTBaby.h */ = {isa = PBXFileReference; fileEncoding = 4; lastKnownFileType = sourcecode.c.h; path = SBTBaby.h; sourceTree = "<group>"; };
		4248806518944C84009F2837 /* SBTBaby.m */ = {isa = PBXFileReference; fileEncoding = 4; lastKnownFileType = sourcecode.c.objc; path = SBTBaby.m; sourceTree = "<group>"; };
		42488068189459D2009F2837 /* SBTEncounter.h */ = {isa = PBXFileReference; fileEncoding = 4; lastKnownFileType = sourcecode.c.h; path = SBTEncounter.h; sourceTree = "<group>"; };
		42488069189459D2009F2837 /* SBTEncounter.m */ = {isa = PBXFileReference; fileEncoding = 4; lastKnownFileType = sourcecode.c.objc; path = SBTEncounter.m; sourceTree = "<group>"; };
		4248806B18945CE2009F2837 /* SBTVaccine.h */ = {isa = PBXFileReference; fileEncoding = 4; lastKnownFileType = sourcecode.c.h; path = SBTVaccine.h; sourceTree = "<group>"; };
		4248806C18945CE2009F2837 /* SBTVaccine.m */ = {isa = PBXFileReference; fileEncoding = 4; lastKnownFileType = sourcecode.c.objc; path = SBTVaccine.m; sourceTree = "<group>"; };
		424B721A1BA62F6A005BC760 /* SBTDocumentsTVC.h */ = {isa = PBXFileReference; fileEncoding = 4; lastKnownFileType = sourcecode.c.h; path = SBTDocumentsTVC.h; sourceTree = "<group>"; };
		424B721B1BA62F6A005BC760 /* SBTDocumentsTVC.m */ = {isa = PBXFileReference; fileEncoding = 4; lastKnownFileType = sourcecode.c.objc; path = SBTDocumentsTVC.m; sourceTree = "<group>"; };
		424B721D1BA62FED005BC760 /* SBTDocumentImage.h */ = {isa = PBXFileReference; fileEncoding = 4; lastKnownFileType = sourcecode.c.h; path = SBTDocumentImage.h; sourceTree = "<group>"; };
		424B721E1BA62FED005BC760 /* SBTDocumentImage.m */ = {isa = PBXFileReference; fileEncoding = 4; lastKnownFileType = sourcecode.c.objc; path = SBTDocumentImage.m; sourceTree = "<group>"; };
		4258BCF418C40E1900E8232F /* SBTCDCDataSource.h */ = {isa = PBXFileReference; fileEncoding = 4; lastKnownFileType = sourcecode.c.h; path = SBTCDCDataSource.h; sourceTree = "<group>"; };
		4258BCF518C40E1900E8232F /* SBTCDCDataSource.m */ = {isa = PBXFileReference; fileEncoding = 4; lastKnownFileType = sourcecode.c.objc; path = SBTCDCDataSource.m; sourceTree = "<group>"; };
		425D58DF18DE9EC000B0AA3C /* SBTBabyEditDelegate.h */ = {isa = PBXFileReference; lastKnownFileType = sourcecode.c.h; path = SBTBabyEditDelegate.h; sourceTree = "<group>"; };
		425D58E018DEA5B100B0AA3C /* SBTEncounterInfoTVC.h */ = {isa = PBXFileReference; fileEncoding = 4; lastKnownFileType = sourcecode.c.h; path = SBTEncounterInfoTVC.h; sourceTree = "<group>"; };
		425D58E118DEA5B100B0AA3C /* SBTEncounterInfoTVC.m */ = {isa = PBXFileReference; fileEncoding = 4; lastKnownFileType = sourcecode.c.objc; path = SBTEncounterInfoTVC.m; sourceTree = "<group>"; };
		4264369318C4459800414CA1 /* cdcbmiboys.txt */ = {isa = PBXFileReference; fileEncoding = 4; lastKnownFileType = text; path = cdcbmiboys.txt; sourceTree = "<group>"; };
		4264369418C4459800414CA1 /* cdcbmigirls.txt */ = {isa = PBXFileReference; fileEncoding = 4; lastKnownFileType = text; path = cdcbmigirls.txt; sourceTree = "<group>"; };
		4264369518C4459800414CA1 /* cdchcboys.txt */ = {isa = PBXFileReference; fileEncoding = 4; lastKnownFileType = text; path = cdchcboys.txt; sourceTree = "<group>"; };
		4264369618C4459800414CA1 /* cdchcgirls.txt */ = {isa = PBXFileReference; fileEncoding = 4; lastKnownFileType = text; path = cdchcgirls.txt; sourceTree = "<group>"; };
		4264369718C4459800414CA1 /* cdclengthboys.txt */ = {isa = PBXFileReference; fileEncoding = 4; lastKnownFileType = text; path = cdclengthboys.txt; sourceTree = "<group>"; };
		4264369818C4459800414CA1 /* cdclengthgirls.txt */ = {isa = PBXFileReference; fileEncoding = 4; lastKnownFileType = text; path = cdclengthgirls.txt; sourceTree = "<group>"; };
		4264369918C4459800414CA1 /* cdcstatureboys.txt */ = {isa = PBXFileReference; fileEncoding = 4; lastKnownFileType = text; path = cdcstatureboys.txt; sourceTree = "<group>"; };
		4264369A18C4459800414CA1 /* cdcstaturegirls.txt */ = {isa = PBXFileReference; fileEncoding = 4; lastKnownFileType = text; path = cdcstaturegirls.txt; sourceTree = "<group>"; };
		4264369B18C4459800414CA1 /* cdcweightboys.txt */ = {isa = PBXFileReference; fileEncoding = 4; lastKnownFileType = text; path = cdcweightboys.txt; sourceTree = "<group>"; };
		4264369C18C4459800414CA1 /* cdcweightgirls.txt */ = {isa = PBXFileReference; fileEncoding = 4; lastKnownFileType = text; path = cdcweightgirls.txt; sourceTree = "<group>"; };
		4264369D18C4459800414CA1 /* cdcweightinfantboys.txt */ = {isa = PBXFileReference; fileEncoding = 4; lastKnownFileType = text; path = cdcweightinfantboys.txt; sourceTree = "<group>"; };
		4264369E18C4459800414CA1 /* cdcweightinfantgirls.txt */ = {isa = PBXFileReference; fileEncoding = 4; lastKnownFileType = text; path = cdcweightinfantgirls.txt; sourceTree = "<group>"; };
		4264369F18C4459800414CA1 /* whobmiinfantboys.txt */ = {isa = PBXFileReference; fileEncoding = 4; lastKnownFileType = text; path = whobmiinfantboys.txt; sourceTree = "<group>"; };
		426436A018C4459800414CA1 /* whobmiinfantgirls.txt */ = {isa = PBXFileReference; fileEncoding = 4; lastKnownFileType = text; path = whobmiinfantgirls.txt; sourceTree = "<group>"; };
		426436A118C4459800414CA1 /* whohcboys.txt */ = {isa = PBXFileReference; fileEncoding = 4; lastKnownFileType = text; path = whohcboys.txt; sourceTree = "<group>"; };
		426436A218C4459800414CA1 /* whohcgirls.txt */ = {isa = PBXFileReference; fileEncoding = 4; lastKnownFileType = text; path = whohcgirls.txt; sourceTree = "<group>"; };
		426436A318C4459800414CA1 /* wholengthboys.txt */ = {isa = PBXFileReference; fileEncoding = 4; lastKnownFileType = text; path = wholengthboys.txt; sourceTree = "<group>"; };
		426436A418C4459800414CA1 /* wholengthgirls.txt */ = {isa = PBXFileReference; fileEncoding = 4; lastKnownFileType = text; path = wholengthgirls.txt; sourceTree = "<group>"; };
		426436A518C4459800414CA1 /* whoweightinfantboys.txt */ = {isa = PBXFileReference; fileEncoding = 4; lastKnownFileType = text; path = whoweightinfantboys.txt; sourceTree = "<group>"; };
		426436A618C4459800414CA1 /* whoweightinfantgirls.txt */ = {isa = PBXFileReference; fileEncoding = 4; lastKnownFileType = text; path = whoweightinfantgirls.txt; sourceTree = "<group>"; };
		4265DB531C39D883009BA1C6 /* Smart Baby Tracker-Bridging-Header.h */ = {isa = PBXFileReference; fileEncoding = 4; lastKnownFileType = sourcecode.c.h; path = "Smart Baby Tracker-Bridging-Header.h"; sourceTree = "<group>"; };
		4269473918D66CB700D5B06F /* SBTUnitsConvertor.h */ = {isa = PBXFileReference; fileEncoding = 4; lastKnownFileType = sourcecode.c.h; path = SBTUnitsConvertor.h; sourceTree = "<group>"; };
		4269473A18D66CB700D5B06F /* SBTUnitsConvertor.m */ = {isa = PBXFileReference; fileEncoding = 4; lastKnownFileType = sourcecode.c.objc; path = SBTUnitsConvertor.m; sourceTree = "<group>"; };
		4269C7441AA9865A0011FA64 /* SBTVaccineRecall.h */ = {isa = PBXFileReference; fileEncoding = 4; lastKnownFileType = sourcecode.c.h; path = SBTVaccineRecall.h; sourceTree = "<group>"; };
		4269C7451AA9865A0011FA64 /* SBTVaccineRecall.m */ = {isa = PBXFileReference; fileEncoding = 4; lastKnownFileType = sourcecode.c.objc; path = SBTVaccineRecall.m; sourceTree = "<group>"; };
		426AC50F19024D8700EF694C /* whobmigirls.txt */ = {isa = PBXFileReference; fileEncoding = 4; lastKnownFileType = text; path = whobmigirls.txt; sourceTree = "<group>"; };
		426AC51019024D8700EF694C /* whobmiboys.txt */ = {isa = PBXFileReference; fileEncoding = 4; lastKnownFileType = text; path = whobmiboys.txt; sourceTree = "<group>"; };
		426AC51119024D8700EF694C /* whostatureboys.txt */ = {isa = PBXFileReference; fileEncoding = 4; lastKnownFileType = text; path = whostatureboys.txt; sourceTree = "<group>"; };
		426AC51219024D8700EF694C /* whostaturegirls.txt */ = {isa = PBXFileReference; fileEncoding = 4; lastKnownFileType = text; path = whostaturegirls.txt; sourceTree = "<group>"; };
		426AC51319024D8700EF694C /* whoweightboys.txt */ = {isa = PBXFileReference; fileEncoding = 4; lastKnownFileType = text; path = whoweightboys.txt; sourceTree = "<group>"; };
		426AC51419024D8700EF694C /* whoweightgirls.txt */ = {isa = PBXFileReference; fileEncoding = 4; lastKnownFileType = text; path = whoweightgirls.txt; sourceTree = "<group>"; };
		426FF5D618C15DB000B66F36 /* SBTDataPoint.h */ = {isa = PBXFileReference; fileEncoding = 4; lastKnownFileType = sourcecode.c.h; path = SBTDataPoint.h; sourceTree = "<group>"; };
		426FF5D718C15DB000B66F36 /* SBTDataPoint.m */ = {isa = PBXFileReference; fileEncoding = 4; lastKnownFileType = sourcecode.c.objc; path = SBTDataPoint.m; sourceTree = "<group>"; };
		426FF5D918C1A56200B66F36 /* SBTGrowthDataSource.h */ = {isa = PBXFileReference; fileEncoding = 4; lastKnownFileType = sourcecode.c.h; path = SBTGrowthDataSource.h; sourceTree = "<group>"; };
		426FF5DA18C1A56200B66F36 /* SBTGrowthDataSource.m */ = {isa = PBXFileReference; fileEncoding = 4; lastKnownFileType = sourcecode.c.objc; path = SBTGrowthDataSource.m; sourceTree = "<group>"; };
		4279754918F1EC5A00F506C7 /* SBTPreferencesTVC.h */ = {isa = PBXFileReference; fileEncoding = 4; lastKnownFileType = sourcecode.c.h; path = SBTPreferencesTVC.h; sourceTree = "<group>"; };
		4279754A18F1EC5A00F506C7 /* SBTPreferencesTVC.m */ = {isa = PBXFileReference; fileEncoding = 4; lastKnownFileType = sourcecode.c.objc; path = SBTPreferencesTVC.m; sourceTree = "<group>"; };
		428138491AA2BE3F00770A26 /* SBTScannerViewController.h */ = {isa = PBXFileReference; fileEncoding = 4; lastKnownFileType = sourcecode.c.h; path = SBTScannerViewController.h; sourceTree = "<group>"; };
		4281384A1AA2BE3F00770A26 /* SBTScannerViewController.m */ = {isa = PBXFileReference; fileEncoding = 4; lastKnownFileType = sourcecode.c.objc; path = SBTScannerViewController.m; sourceTree = "<group>"; };
		4281384C1AA2BF3300770A26 /* SBTAddScannedVaccinesTVC.h */ = {isa = PBXFileReference; fileEncoding = 4; lastKnownFileType = sourcecode.c.h; path = SBTAddScannedVaccinesTVC.h; sourceTree = "<group>"; };
		4281384D1AA2BF3300770A26 /* SBTAddScannedVaccinesTVC.m */ = {isa = PBXFileReference; fileEncoding = 4; lastKnownFileType = sourcecode.c.objc; path = SBTAddScannedVaccinesTVC.m; sourceTree = "<group>"; };
		4281384F1AA2C8D600770A26 /* SBTScannedVaccineDetailsTVC.h */ = {isa = PBXFileReference; fileEncoding = 4; lastKnownFileType = sourcecode.c.h; path = SBTScannedVaccineDetailsTVC.h; sourceTree = "<group>"; };
		428138501AA2C8D600770A26 /* SBTScannedVaccineDetailsTVC.m */ = {isa = PBXFileReference; fileEncoding = 4; lastKnownFileType = sourcecode.c.objc; path = SBTScannedVaccineDetailsTVC.m; sourceTree = "<group>"; };
		428138551AA2D86A00770A26 /* BCRVaccineCodeLoader.h */ = {isa = PBXFileReference; fileEncoding = 4; lastKnownFileType = sourcecode.c.h; path = BCRVaccineCodeLoader.h; sourceTree = "<group>"; };
		428138561AA2D86A00770A26 /* BCRVaccineCodeLoader.m */ = {isa = PBXFileReference; fileEncoding = 4; lastKnownFileType = sourcecode.c.objc; path = BCRVaccineCodeLoader.m; sourceTree = "<group>"; };
		4287698418CD6F2E007862AB /* SBTChildrenViewController.h */ = {isa = PBXFileReference; fileEncoding = 4; lastKnownFileType = sourcecode.c.h; path = SBTChildrenViewController.h; sourceTree = "<group>"; };
		4287698518CD6F2E007862AB /* SBTChildrenViewController.m */ = {isa = PBXFileReference; fileEncoding = 4; lastKnownFileType = sourcecode.c.objc; path = SBTChildrenViewController.m; sourceTree = "<group>"; };
		4287698718CD77AE007862AB /* SBTBabyEditViewController.h */ = {isa = PBXFileReference; fileEncoding = 4; lastKnownFileType = sourcecode.c.h; path = SBTBabyEditViewController.h; sourceTree = "<group>"; };
		4287698818CD77AE007862AB /* SBTBabyEditViewController.m */ = {isa = PBXFileReference; fileEncoding = 4; lastKnownFileType = sourcecode.c.objc; path = SBTBabyEditViewController.m; sourceTree = "<group>"; };
		4295AFB01B09671F00D0EC41 /* Smart Baby Tracker.entitlements */ = {isa = PBXFileReference; lastKnownFileType = text.xml; path = "Smart Baby Tracker.entitlements"; sourceTree = "<group>"; };
		4295AFB31B09693400D0EC41 /* SBTGraphVCDelegate.h */ = {isa = PBXFileReference; fileEncoding = 4; lastKnownFileType = sourcecode.c.h; path = SBTGraphVCDelegate.h; sourceTree = "<group>"; };
		429700CD18AED9AA0013A91B /* ACIP Schedule.plist */ = {isa = PBXFileReference; fileEncoding = 4; lastKnownFileType = text.plist.xml; path = "ACIP Schedule.plist"; sourceTree = "<group>"; };
		42AAD6021B2BE00F00166071 /* SBTEncounterEditTVC.h */ = {isa = PBXFileReference; fileEncoding = 4; lastKnownFileType = sourcecode.c.h; path = SBTEncounterEditTVC.h; sourceTree = "<group>"; };
		42AAD6031B2BE00F00166071 /* SBTEncounterEditTVC.m */ = {isa = PBXFileReference; fileEncoding = 4; lastKnownFileType = sourcecode.c.objc; path = SBTEncounterEditTVC.m; sourceTree = "<group>"; };
		42AAD6051B2BE50A00166071 /* SBTMeasurementEntryVC.h */ = {isa = PBXFileReference; fileEncoding = 4; lastKnownFileType = sourcecode.c.h; path = SBTMeasurementEntryVC.h; sourceTree = "<group>"; };
		42AAD6061B2BE50A00166071 /* SBTMeasurementEntryVC.m */ = {isa = PBXFileReference; fileEncoding = 4; lastKnownFileType = sourcecode.c.objc; path = SBTMeasurementEntryVC.m; sourceTree = "<group>"; };
		42B6012E1895E1E6000C15F4 /* SBTVaccineSchedule.h */ = {isa = PBXFileReference; fileEncoding = 4; lastKnownFileType = sourcecode.c.h; path = SBTVaccineSchedule.h; sourceTree = "<group>"; };
		42B6012F1895E1E6000C15F4 /* SBTVaccineSchedule.m */ = {isa = PBXFileReference; fileEncoding = 4; lastKnownFileType = sourcecode.c.objc; path = SBTVaccineSchedule.m; sourceTree = "<group>"; };
		42BFE7D318D7F1DA00B0E2F4 /* SBTDataStore.h */ = {isa = PBXFileReference; fileEncoding = 4; lastKnownFileType = sourcecode.c.h; path = SBTDataStore.h; sourceTree = "<group>"; };
		42BFE7D418D7F1DA00B0E2F4 /* SBTDataStore.m */ = {isa = PBXFileReference; fileEncoding = 4; lastKnownFileType = sourcecode.c.objc; path = SBTDataStore.m; sourceTree = "<group>"; };
		42C3E7531B6E9E12003DB2BC /* vaccineRecalls.plist */ = {isa = PBXFileReference; fileEncoding = 4; lastKnownFileType = text.plist.xml; path = vaccineRecalls.plist; sourceTree = "<group>"; };
		42C75D841B3FB505004D7EB6 /* Smart BabyBook Tests.xctest */ = {isa = PBXFileReference; explicitFileType = wrapper.cfbundle; includeInIndex = 0; path = "Smart BabyBook Tests.xctest"; sourceTree = BUILT_PRODUCTS_DIR; };
		42C75D871B3FB505004D7EB6 /* Info.plist */ = {isa = PBXFileReference; lastKnownFileType = text.plist.xml; name = Info.plist; path = "../Smart BabyBook Tests/Info.plist"; sourceTree = "<group>"; };
		42C75D881B3FB505004D7EB6 /* Smart_BabyBook_Tests.m */ = {isa = PBXFileReference; lastKnownFileType = sourcecode.c.objc; path = Smart_BabyBook_Tests.m; sourceTree = "<group>"; };
		42CB9A4F18D4F7260097BBE3 /* SBTBabyInfoTVC.h */ = {isa = PBXFileReference; fileEncoding = 4; lastKnownFileType = sourcecode.c.h; path = SBTBabyInfoTVC.h; sourceTree = "<group>"; };
		42CB9A5018D4F7260097BBE3 /* SBTBabyInfoTVC.m */ = {isa = PBXFileReference; fileEncoding = 4; lastKnownFileType = sourcecode.c.objc; path = SBTBabyInfoTVC.m; sourceTree = "<group>"; };
		42CB9A5518D5731C0097BBE3 /* SBTEncounterTableViewCell.h */ = {isa = PBXFileReference; fileEncoding = 4; lastKnownFileType = sourcecode.c.h; path = SBTEncounterTableViewCell.h; sourceTree = "<group>"; };
		42CB9A5618D5731C0097BBE3 /* SBTEncounterTableViewCell.m */ = {isa = PBXFileReference; fileEncoding = 4; lastKnownFileType = sourcecode.c.objc; path = SBTEncounterTableViewCell.m; sourceTree = "<group>"; };
		42CB9A5818D57C4E0097BBE3 /* SBTEncountersTVC.h */ = {isa = PBXFileReference; fileEncoding = 4; lastKnownFileType = sourcecode.c.h; path = SBTEncountersTVC.h; sourceTree = "<group>"; };
		42CB9A5918D57C4E0097BBE3 /* SBTEncountersTVC.m */ = {isa = PBXFileReference; fileEncoding = 4; lastKnownFileType = sourcecode.c.objc; path = SBTEncountersTVC.m; sourceTree = "<group>"; };
		42CB9A5B18D589C30097BBE3 /* SBTVaccinesGivenTVC.h */ = {isa = PBXFileReference; fileEncoding = 4; lastKnownFileType = sourcecode.c.h; path = SBTVaccinesGivenTVC.h; sourceTree = "<group>"; };
		42CB9A5C18D589C30097BBE3 /* SBTVaccinesGivenTVC.m */ = {isa = PBXFileReference; fileEncoding = 4; lastKnownFileType = sourcecode.c.objc; path = SBTVaccinesGivenTVC.m; sourceTree = "<group>"; };
		42D481781A3376410058C7AE /* Univ_Storyboard.storyboard */ = {isa = PBXFileReference; fileEncoding = 4; lastKnownFileType = file.storyboard; path = Univ_Storyboard.storyboard; sourceTree = "<group>"; };
		42E7F98A18C267AE00C49072 /* SBTWHODataSource.h */ = {isa = PBXFileReference; fileEncoding = 4; lastKnownFileType = sourcecode.c.h; path = SBTWHODataSource.h; sourceTree = "<group>"; };
		42E7F98B18C267AE00C49072 /* SBTWHODataSource.m */ = {isa = PBXFileReference; fileEncoding = 4; lastKnownFileType = sourcecode.c.objc; path = SBTWHODataSource.m; sourceTree = "<group>"; };
		42EE185B1F9188C400563B70 /* VaccineNDCs.txt */ = {isa = PBXFileReference; fileEncoding = 4; lastKnownFileType = text; path = VaccineNDCs.txt; sourceTree = "<group>"; };
		42F49E451B37916000F0D89D /* SBTChildCell.h */ = {isa = PBXFileReference; fileEncoding = 4; lastKnownFileType = sourcecode.c.h; path = SBTChildCell.h; sourceTree = "<group>"; };
		42F49E461B37916000F0D89D /* SBTChildCell.m */ = {isa = PBXFileReference; fileEncoding = 4; lastKnownFileType = sourcecode.c.objc; path = SBTChildCell.m; sourceTree = "<group>"; };
		8958B495191F316A007C032B /* SBTVaccineGridViewController.h */ = {isa = PBXFileReference; fileEncoding = 4; lastKnownFileType = sourcecode.c.h; path = SBTVaccineGridViewController.h; sourceTree = "<group>"; };
		8958B496191F316A007C032B /* SBTVaccineGridViewController.m */ = {isa = PBXFileReference; fileEncoding = 4; lastKnownFileType = sourcecode.c.objc; path = SBTVaccineGridViewController.m; sourceTree = "<group>"; };
		8958B498191F3875007C032B /* SBTVaccineCell.h */ = {isa = PBXFileReference; fileEncoding = 4; lastKnownFileType = sourcecode.c.h; path = SBTVaccineCell.h; sourceTree = "<group>"; };
		8958B499191F3875007C032B /* SBTVaccineCell.m */ = {isa = PBXFileReference; fileEncoding = 4; lastKnownFileType = sourcecode.c.objc; path = SBTVaccineCell.m; sourceTree = "<group>"; };
		8958B49B191F452D007C032B /* SBTVaccineGridHeader.h */ = {isa = PBXFileReference; fileEncoding = 4; lastKnownFileType = sourcecode.c.h; path = SBTVaccineGridHeader.h; sourceTree = "<group>"; };
		8958B49C191F452D007C032B /* SBTVaccineGridHeader.m */ = {isa = PBXFileReference; fileEncoding = 4; lastKnownFileType = sourcecode.c.objc; path = SBTVaccineGridHeader.m; sourceTree = "<group>"; };
/* End PBXFileReference section */

/* Begin PBXFrameworksBuildPhase section */
		421C745A18937535000E3C30 /* Frameworks */ = {
			isa = PBXFrameworksBuildPhase;
			buildActionMask = 2147483647;
			files = (
				421C746318937535000E3C30 /* CoreGraphics.framework in Frameworks */,
				421C746518937535000E3C30 /* UIKit.framework in Frameworks */,
				421C746118937535000E3C30 /* Foundation.framework in Frameworks */,
			);
			runOnlyForDeploymentPostprocessing = 0;
		};
		42C75D811B3FB505004D7EB6 /* Frameworks */ = {
			isa = PBXFrameworksBuildPhase;
			buildActionMask = 2147483647;
			files = (
			);
			runOnlyForDeploymentPostprocessing = 0;
		};
/* End PBXFrameworksBuildPhase section */

/* Begin PBXGroup section */
		421C745418937535000E3C30 = {
			isa = PBXGroup;
			children = (
				421C747E18937535000E3C30 /* Images.xcassets */,
				421C746618937535000E3C30 /* Smart Baby Tracker */,
				42C75D851B3FB505004D7EB6 /* Smart BabyBook Tests */,
				421C745F18937535000E3C30 /* Frameworks */,
				421C745E18937535000E3C30 /* Products */,
			);
			sourceTree = "<group>";
		};
		421C745E18937535000E3C30 /* Products */ = {
			isa = PBXGroup;
			children = (
				421C745D18937535000E3C30 /* Smart BabyBook.app */,
				42C75D841B3FB505004D7EB6 /* Smart BabyBook Tests.xctest */,
			);
			name = Products;
			sourceTree = "<group>";
		};
		421C745F18937535000E3C30 /* Frameworks */ = {
			isa = PBXGroup;
			children = (
				421C746018937535000E3C30 /* Foundation.framework */,
				421C746218937535000E3C30 /* CoreGraphics.framework */,
				421C746418937535000E3C30 /* UIKit.framework */,
				421C748518937535000E3C30 /* XCTest.framework */,
			);
			name = Frameworks;
			sourceTree = "<group>";
		};
		421C746618937535000E3C30 /* Smart Baby Tracker */ = {
			isa = PBXGroup;
			children = (
				42D481781A3376410058C7AE /* Univ_Storyboard.storyboard */,
				428138491AA2BE3F00770A26 /* SBTScannerViewController.h */,
				4281384A1AA2BE3F00770A26 /* SBTScannerViewController.m */,
				4281384C1AA2BF3300770A26 /* SBTAddScannedVaccinesTVC.h */,
				4281384D1AA2BF3300770A26 /* SBTAddScannedVaccinesTVC.m */,
				4281384F1AA2C8D600770A26 /* SBTScannedVaccineDetailsTVC.h */,
				428138501AA2C8D600770A26 /* SBTScannedVaccineDetailsTVC.m */,
				4295AFB31B09693400D0EC41 /* SBTGraphVCDelegate.h */,
				423091B91AB3F76D00E5EC63 /* SBTGraphVC.h */,
				423091BA1AB3F76D00E5EC63 /* SBTGraphVC.m */,
				4220B75518E4C2B500557F27 /* SBTGraphPoint.h */,
				4220B75618E4C2B500557F27 /* SBTGraphPoint.m */,
				8958B495191F316A007C032B /* SBTVaccineGridViewController.h */,
				8958B496191F316A007C032B /* SBTVaccineGridViewController.m */,
				8958B498191F3875007C032B /* SBTVaccineCell.h */,
				8958B499191F3875007C032B /* SBTVaccineCell.m */,
				8958B49B191F452D007C032B /* SBTVaccineGridHeader.h */,
				8958B49C191F452D007C032B /* SBTVaccineGridHeader.m */,
				42CB9A4F18D4F7260097BBE3 /* SBTBabyInfoTVC.h */,
				42CB9A5018D4F7260097BBE3 /* SBTBabyInfoTVC.m */,
				425D58DF18DE9EC000B0AA3C /* SBTBabyEditDelegate.h */,
				4287698718CD77AE007862AB /* SBTBabyEditViewController.h */,
				4287698818CD77AE007862AB /* SBTBabyEditViewController.m */,
				424B721A1BA62F6A005BC760 /* SBTDocumentsTVC.h */,
				424B721B1BA62F6A005BC760 /* SBTDocumentsTVC.m */,
				4228C3EB1BAD137C00316085 /* SBTDocumentImageEditTVC.h */,
				4228C3EC1BAD137C00316085 /* SBTDocumentImageEditTVC.m */,
				421CEE611BACEA7E00A46E8A /* SBTDocumentImageCell.h */,
				421CEE621BACEA7E00A46E8A /* SBTDocumentImageCell.m */,
				4287698418CD6F2E007862AB /* SBTChildrenViewController.h */,
				4287698518CD6F2E007862AB /* SBTChildrenViewController.m */,
				42F49E451B37916000F0D89D /* SBTChildCell.h */,
				42F49E461B37916000F0D89D /* SBTChildCell.m */,
				42CB9A5818D57C4E0097BBE3 /* SBTEncountersTVC.h */,
				42CB9A5918D57C4E0097BBE3 /* SBTEncountersTVC.m */,
				42CB9A5518D5731C0097BBE3 /* SBTEncounterTableViewCell.h */,
				42CB9A5618D5731C0097BBE3 /* SBTEncounterTableViewCell.m */,
				425D58E018DEA5B100B0AA3C /* SBTEncounterInfoTVC.h */,
				425D58E118DEA5B100B0AA3C /* SBTEncounterInfoTVC.m */,
				42AAD6021B2BE00F00166071 /* SBTEncounterEditTVC.h */,
				42AAD6031B2BE00F00166071 /* SBTEncounterEditTVC.m */,
				42AAD6051B2BE50A00166071 /* SBTMeasurementEntryVC.h */,
				42AAD6061B2BE50A00166071 /* SBTMeasurementEntryVC.m */,
				42CB9A5B18D589C30097BBE3 /* SBTVaccinesGivenTVC.h */,
				42CB9A5C18D589C30097BBE3 /* SBTVaccinesGivenTVC.m */,
				42BFE7D318D7F1DA00B0E2F4 /* SBTDataStore.h */,
				42BFE7D418D7F1DA00B0E2F4 /* SBTDataStore.m */,
				421C2A6E18E3D12100EE8A19 /* UIColor+SBTColors.h */,
				421C2A6F18E3D12100EE8A19 /* UIColor+SBTColors.m */,
				4279754918F1EC5A00F506C7 /* SBTPreferencesTVC.h */,
				4279754A18F1EC5A00F506C7 /* SBTPreferencesTVC.m */,
				421C746818937535000E3C30 /* Smart BabyBook-Info.plist */,
				42EE185B1F9188C400563B70 /* VaccineNDCs.txt */,
				4248806718944C90009F2837 /* Model */,
				421C746718937535000E3C30 /* Supporting Files */,
			);
			path = "Smart Baby Tracker";
			sourceTree = "<group>";
		};
		421C746718937535000E3C30 /* Supporting Files */ = {
			isa = PBXGroup;
			children = (
				4295AFB01B09671F00D0EC41 /* Smart Baby Tracker.entitlements */,
				42C7540D18C2BBEE0050F38A /* Data files */,
				421C746E18937535000E3C30 /* Smart BabyBook-Prefix.pch */,
				4265DB531C39D883009BA1C6 /* Smart Baby Tracker-Bridging-Header.h */,
				421C746F18937535000E3C30 /* SBTAppDelegate.h */,
				421C747018937535000E3C30 /* SBTAppDelegate.m */,
				429700CD18AED9AA0013A91B /* ACIP Schedule.plist */,
				42C3E7531B6E9E12003DB2BC /* vaccineRecalls.plist */,
				423E593D1920890500E2E9AC /* babies.data */,
				42C75D871B3FB505004D7EB6 /* Info.plist */,
				421C746918937535000E3C30 /* InfoPlist.strings */,
				421C746C18937535000E3C30 /* main.m */,
			);
			name = "Supporting Files";
			sourceTree = "<group>";
		};
		4248806718944C90009F2837 /* Model */ = {
			isa = PBXGroup;
			children = (
				4269473918D66CB700D5B06F /* SBTUnitsConvertor.h */,
				4269473A18D66CB700D5B06F /* SBTUnitsConvertor.m */,
				4248806418944C84009F2837 /* SBTBaby.h */,
				4248806518944C84009F2837 /* SBTBaby.m */,
				42488068189459D2009F2837 /* SBTEncounter.h */,
				42488069189459D2009F2837 /* SBTEncounter.m */,
				4248806B18945CE2009F2837 /* SBTVaccine.h */,
				4248806C18945CE2009F2837 /* SBTVaccine.m */,
				4269C7441AA9865A0011FA64 /* SBTVaccineRecall.h */,
				4269C7451AA9865A0011FA64 /* SBTVaccineRecall.m */,
				428138551AA2D86A00770A26 /* BCRVaccineCodeLoader.h */,
				428138561AA2D86A00770A26 /* BCRVaccineCodeLoader.m */,
				42B6012E1895E1E6000C15F4 /* SBTVaccineSchedule.h */,
				42B6012F1895E1E6000C15F4 /* SBTVaccineSchedule.m */,
				426FF5D618C15DB000B66F36 /* SBTDataPoint.h */,
				426FF5D718C15DB000B66F36 /* SBTDataPoint.m */,
				426FF5D918C1A56200B66F36 /* SBTGrowthDataSource.h */,
				426FF5DA18C1A56200B66F36 /* SBTGrowthDataSource.m */,
				42E7F98A18C267AE00C49072 /* SBTWHODataSource.h */,
				42E7F98B18C267AE00C49072 /* SBTWHODataSource.m */,
				4258BCF418C40E1900E8232F /* SBTCDCDataSource.h */,
				4258BCF518C40E1900E8232F /* SBTCDCDataSource.m */,
				4226B8CB189F5F3B00682A6A /* NSDateComponents+Today.h */,
				4226B8CC189F5F3B00682A6A /* NSDateComponents+Today.m */,
				424B721D1BA62FED005BC760 /* SBTDocumentImage.h */,
				424B721E1BA62FED005BC760 /* SBTDocumentImage.m */,
			);
			name = Model;
			sourceTree = "<group>";
		};
		42C7540D18C2BBEE0050F38A /* Data files */ = {
			isa = PBXGroup;
			children = (
				4264369318C4459800414CA1 /* cdcbmiboys.txt */,
				4264369418C4459800414CA1 /* cdcbmigirls.txt */,
				4264369518C4459800414CA1 /* cdchcboys.txt */,
				4264369618C4459800414CA1 /* cdchcgirls.txt */,
				4264369718C4459800414CA1 /* cdclengthboys.txt */,
				4264369818C4459800414CA1 /* cdclengthgirls.txt */,
				4264369918C4459800414CA1 /* cdcstatureboys.txt */,
				4264369A18C4459800414CA1 /* cdcstaturegirls.txt */,
				4264369B18C4459800414CA1 /* cdcweightboys.txt */,
				4264369C18C4459800414CA1 /* cdcweightgirls.txt */,
				4264369D18C4459800414CA1 /* cdcweightinfantboys.txt */,
				4264369E18C4459800414CA1 /* cdcweightinfantgirls.txt */,
				4264369F18C4459800414CA1 /* whobmiinfantboys.txt */,
				426436A018C4459800414CA1 /* whobmiinfantgirls.txt */,
				426436A118C4459800414CA1 /* whohcboys.txt */,
				426436A218C4459800414CA1 /* whohcgirls.txt */,
				426436A318C4459800414CA1 /* wholengthboys.txt */,
				426436A418C4459800414CA1 /* wholengthgirls.txt */,
				426436A518C4459800414CA1 /* whoweightinfantboys.txt */,
				426436A618C4459800414CA1 /* whoweightinfantgirls.txt */,
				426AC50F19024D8700EF694C /* whobmigirls.txt */,
				426AC51019024D8700EF694C /* whobmiboys.txt */,
				426AC51119024D8700EF694C /* whostatureboys.txt */,
				426AC51219024D8700EF694C /* whostaturegirls.txt */,
				426AC51319024D8700EF694C /* whoweightboys.txt */,
				426AC51419024D8700EF694C /* whoweightgirls.txt */,
			);
			name = "Data files";
			sourceTree = "<group>";
		};
		42C75D851B3FB505004D7EB6 /* Smart BabyBook Tests */ = {
			isa = PBXGroup;
			children = (
				42C75D881B3FB505004D7EB6 /* Smart_BabyBook_Tests.m */,
			);
			path = "Smart BabyBook Tests";
			sourceTree = "<group>";
		};
/* End PBXGroup section */

/* Begin PBXNativeTarget section */
		421C745C18937535000E3C30 /* Smart BabyBook */ = {
			isa = PBXNativeTarget;
			buildConfigurationList = 421C749518937536000E3C30 /* Build configuration list for PBXNativeTarget "Smart BabyBook" */;
			buildPhases = (
				421C745918937535000E3C30 /* Sources */,
				421C745A18937535000E3C30 /* Frameworks */,
				421C745B18937535000E3C30 /* Resources */,
			);
			buildRules = (
			);
			dependencies = (
			);
			name = "Smart BabyBook";
			productName = "Smart Baby Tracker";
			productReference = 421C745D18937535000E3C30 /* Smart BabyBook.app */;
			productType = "com.apple.product-type.application";
		};
		42C75D831B3FB505004D7EB6 /* Smart BabyBook Tests */ = {
			isa = PBXNativeTarget;
			buildConfigurationList = 42C75D8C1B3FB505004D7EB6 /* Build configuration list for PBXNativeTarget "Smart BabyBook Tests" */;
			buildPhases = (
				42C75D801B3FB505004D7EB6 /* Sources */,
				42C75D811B3FB505004D7EB6 /* Frameworks */,
				42C75D821B3FB505004D7EB6 /* Resources */,
			);
			buildRules = (
			);
			dependencies = (
				42C75D8B1B3FB505004D7EB6 /* PBXTargetDependency */,
			);
			name = "Smart BabyBook Tests";
			productName = "Smart BabyBook Tests";
			productReference = 42C75D841B3FB505004D7EB6 /* Smart BabyBook Tests.xctest */;
			productType = "com.apple.product-type.bundle.unit-test";
		};
/* End PBXNativeTarget section */

/* Begin PBXProject section */
		421C745518937535000E3C30 /* Project object */ = {
			isa = PBXProject;
			attributes = {
				CLASSPREFIX = SBT;
				LastUpgradeCheck = 0900;
				ORGANIZATIONNAME = "J. HOWARD SMART";
				TargetAttributes = {
					421C745C18937535000E3C30 = {
						DevelopmentTeam = TY3543425A;
						LastSwiftMigration = 0900;
						SystemCapabilities = {
							com.apple.GameCenter = {
								enabled = 0;
							};
							com.apple.iCloud = {
								enabled = 0;
							};
						};
					};
					42C75D831B3FB505004D7EB6 = {
						CreatedOnToolsVersion = 6.3.2;
						LastSwiftMigration = 0800;
						TestTargetID = 421C745C18937535000E3C30;
					};
				};
			};
			buildConfigurationList = 421C745818937535000E3C30 /* Build configuration list for PBXProject "Smart BabyBook" */;
			compatibilityVersion = "Xcode 3.2";
			developmentRegion = English;
			hasScannedForEncodings = 0;
			knownRegions = (
				en,
				Base,
			);
			mainGroup = 421C745418937535000E3C30;
			productRefGroup = 421C745E18937535000E3C30 /* Products */;
			projectDirPath = "";
			projectRoot = "";
			targets = (
				421C745C18937535000E3C30 /* Smart BabyBook */,
				42C75D831B3FB505004D7EB6 /* Smart BabyBook Tests */,
			);
		};
/* End PBXProject section */

/* Begin PBXResourcesBuildPhase section */
		421C745B18937535000E3C30 /* Resources */ = {
			isa = PBXResourcesBuildPhase;
			buildActionMask = 2147483647;
			files = (
				426436AA18C4459800414CA1 /* cdchcgirls.txt in Resources */,
				426AC51619024D8700EF694C /* whobmiboys.txt in Resources */,
				426436B318C4459800414CA1 /* whobmiinfantboys.txt in Resources */,
				42C3E7541B6E9E12003DB2BC /* vaccineRecalls.plist in Resources */,
				426436B218C4459800414CA1 /* cdcweightinfantgirls.txt in Resources */,
				421C747F18937535000E3C30 /* Images.xcassets in Resources */,
				42EE185C1F9188C500563B70 /* VaccineNDCs.txt in Resources */,
				429700CE18AED9AA0013A91B /* ACIP Schedule.plist in Resources */,
				426436B118C4459800414CA1 /* cdcweightinfantboys.txt in Resources */,
				426436AF18C4459800414CA1 /* cdcweightboys.txt in Resources */,
				426436AC18C4459800414CA1 /* cdclengthgirls.txt in Resources */,
				426AC51A19024D8700EF694C /* whoweightgirls.txt in Resources */,
				426436B918C4459800414CA1 /* whoweightinfantboys.txt in Resources */,
				426436BA18C4459800414CA1 /* whoweightinfantgirls.txt in Resources */,
				426436B818C4459800414CA1 /* wholengthgirls.txt in Resources */,
				426AC51819024D8700EF694C /* whostaturegirls.txt in Resources */,
				421C746B18937535000E3C30 /* InfoPlist.strings in Resources */,
				426AC51919024D8700EF694C /* whoweightboys.txt in Resources */,
				426436AD18C4459800414CA1 /* cdcstatureboys.txt in Resources */,
				426436B018C4459800414CA1 /* cdcweightgirls.txt in Resources */,
				426436B518C4459800414CA1 /* whohcboys.txt in Resources */,
				426436B718C4459800414CA1 /* wholengthboys.txt in Resources */,
				426436A918C4459800414CA1 /* cdchcboys.txt in Resources */,
				42D481791A3376410058C7AE /* Univ_Storyboard.storyboard in Resources */,
				426436A818C4459800414CA1 /* cdcbmigirls.txt in Resources */,
				426436B418C4459800414CA1 /* whobmiinfantgirls.txt in Resources */,
				423E593E1920890500E2E9AC /* babies.data in Resources */,
				426436B618C4459800414CA1 /* whohcgirls.txt in Resources */,
				426436AB18C4459800414CA1 /* cdclengthboys.txt in Resources */,
				426436AE18C4459800414CA1 /* cdcstaturegirls.txt in Resources */,
				426AC51519024D8700EF694C /* whobmigirls.txt in Resources */,
				426436A718C4459800414CA1 /* cdcbmiboys.txt in Resources */,
				426AC51719024D8700EF694C /* whostatureboys.txt in Resources */,
			);
			runOnlyForDeploymentPostprocessing = 0;
		};
		42C75D821B3FB505004D7EB6 /* Resources */ = {
			isa = PBXResourcesBuildPhase;
			buildActionMask = 2147483647;
			files = (
			);
			runOnlyForDeploymentPostprocessing = 0;
		};
/* End PBXResourcesBuildPhase section */

/* Begin PBXSourcesBuildPhase section */
		421C745918937535000E3C30 /* Sources */ = {
			isa = PBXSourcesBuildPhase;
			buildActionMask = 2147483647;
			files = (
				426FF5DB18C1A56200B66F36 /* SBTGrowthDataSource.m in Sources */,
				4279754B18F1EC5A00F506C7 /* SBTPreferencesTVC.m in Sources */,
				42E7F98C18C267AE00C49072 /* SBTWHODataSource.m in Sources */,
				42B601301895E1E6000C15F4 /* SBTVaccineSchedule.m in Sources */,
				425D58E218DEA5B100B0AA3C /* SBTEncounterInfoTVC.m in Sources */,
				4269473B18D66CB700D5B06F /* SBTUnitsConvertor.m in Sources */,
				4220B75718E4C2B500557F27 /* SBTGraphPoint.m in Sources */,
				4287698618CD6F2E007862AB /* SBTChildrenViewController.m in Sources */,
				428138571AA2D86A00770A26 /* BCRVaccineCodeLoader.m in Sources */,
				42CB9A5D18D589C30097BBE3 /* SBTVaccinesGivenTVC.m in Sources */,
				428138511AA2C8D600770A26 /* SBTScannedVaccineDetailsTVC.m in Sources */,
				8958B49A191F3875007C032B /* SBTVaccineCell.m in Sources */,
				4269C7461AA9865A0011FA64 /* SBTVaccineRecall.m in Sources */,
				4228C3ED1BAD137C00316085 /* SBTDocumentImageEditTVC.m in Sources */,
				42CB9A5718D5731C0097BBE3 /* SBTEncounterTableViewCell.m in Sources */,
				421C747118937535000E3C30 /* SBTAppDelegate.m in Sources */,
				4248806A189459D2009F2837 /* SBTEncounter.m in Sources */,
				424B721C1BA62F6A005BC760 /* SBTDocumentsTVC.m in Sources */,
				4258BCF618C40E1900E8232F /* SBTCDCDataSource.m in Sources */,
				4248806618944C84009F2837 /* SBTBaby.m in Sources */,
				8958B497191F316A007C032B /* SBTVaccineGridViewController.m in Sources */,
				421C2A7018E3D12100EE8A19 /* UIColor+SBTColors.m in Sources */,
				421C746D18937535000E3C30 /* main.m in Sources */,
				424B721F1BA62FED005BC760 /* SBTDocumentImage.m in Sources */,
				42CB9A5118D4F7260097BBE3 /* SBTBabyInfoTVC.m in Sources */,
				42AAD6041B2BE00F00166071 /* SBTEncounterEditTVC.m in Sources */,
				42F49E471B37916000F0D89D /* SBTChildCell.m in Sources */,
				423091BB1AB3F76D00E5EC63 /* SBTGraphVC.m in Sources */,
				42CB9A5A18D57C4E0097BBE3 /* SBTEncountersTVC.m in Sources */,
				4248806D18945CE2009F2837 /* SBTVaccine.m in Sources */,
				8958B49D191F452D007C032B /* SBTVaccineGridHeader.m in Sources */,
				4281384E1AA2BF3300770A26 /* SBTAddScannedVaccinesTVC.m in Sources */,
				4287698918CD77AE007862AB /* SBTBabyEditViewController.m in Sources */,
				421CEE631BACEA7E00A46E8A /* SBTDocumentImageCell.m in Sources */,
				42BFE7D518D7F1DA00B0E2F4 /* SBTDataStore.m in Sources */,
				4281384B1AA2BE3F00770A26 /* SBTScannerViewController.m in Sources */,
				42AAD6071B2BE50A00166071 /* SBTMeasurementEntryVC.m in Sources */,
				426FF5D818C15DB000B66F36 /* SBTDataPoint.m in Sources */,
				4226B8CD189F5F3B00682A6A /* NSDateComponents+Today.m in Sources */,
			);
			runOnlyForDeploymentPostprocessing = 0;
		};
		42C75D801B3FB505004D7EB6 /* Sources */ = {
			isa = PBXSourcesBuildPhase;
			buildActionMask = 2147483647;
			files = (
				42C75D891B3FB505004D7EB6 /* Smart_BabyBook_Tests.m in Sources */,
			);
			runOnlyForDeploymentPostprocessing = 0;
		};
/* End PBXSourcesBuildPhase section */

/* Begin PBXTargetDependency section */
		42C75D8B1B3FB505004D7EB6 /* PBXTargetDependency */ = {
			isa = PBXTargetDependency;
			target = 421C745C18937535000E3C30 /* Smart BabyBook */;
			targetProxy = 42C75D8A1B3FB505004D7EB6 /* PBXContainerItemProxy */;
		};
/* End PBXTargetDependency section */

/* Begin PBXVariantGroup section */
		421C746918937535000E3C30 /* InfoPlist.strings */ = {
			isa = PBXVariantGroup;
			children = (
				421C746A18937535000E3C30 /* en */,
			);
			name = InfoPlist.strings;
			sourceTree = "<group>";
		};
/* End PBXVariantGroup section */

/* Begin XCBuildConfiguration section */
		421C749318937536000E3C30 /* Debug */ = {
			isa = XCBuildConfiguration;
			buildSettings = {
				ALWAYS_SEARCH_USER_PATHS = NO;
				CLANG_CXX_LANGUAGE_STANDARD = "gnu++0x";
				CLANG_CXX_LIBRARY = "libc++";
				CLANG_ENABLE_MODULES = YES;
				CLANG_ENABLE_OBJC_ARC = YES;
				CLANG_WARN_BLOCK_CAPTURE_AUTORELEASING = YES;
				CLANG_WARN_BOOL_CONVERSION = YES;
				CLANG_WARN_COMMA = YES;
				CLANG_WARN_CONSTANT_CONVERSION = YES;
				CLANG_WARN_DIRECT_OBJC_ISA_USAGE = YES_ERROR;
				CLANG_WARN_EMPTY_BODY = YES;
				CLANG_WARN_ENUM_CONVERSION = YES;
				CLANG_WARN_INFINITE_RECURSION = YES;
				CLANG_WARN_INT_CONVERSION = YES;
				CLANG_WARN_NON_LITERAL_NULL_CONVERSION = YES;
				CLANG_WARN_OBJC_LITERAL_CONVERSION = YES;
				CLANG_WARN_OBJC_ROOT_CLASS = YES_ERROR;
				CLANG_WARN_RANGE_LOOP_ANALYSIS = YES;
				CLANG_WARN_STRICT_PROTOTYPES = YES;
				CLANG_WARN_SUSPICIOUS_MOVE = YES;
				CLANG_WARN_UNREACHABLE_CODE = YES;
				CLANG_WARN__DUPLICATE_METHOD_MATCH = YES;
				"CODE_SIGN_IDENTITY[sdk=iphoneos*]" = "iPhone Developer: Howard SMART (TKF9Q29368)";
				COPY_PHASE_STRIP = NO;
				ENABLE_STRICT_OBJC_MSGSEND = YES;
				ENABLE_TESTABILITY = YES;
				GCC_C_LANGUAGE_STANDARD = gnu99;
				GCC_DYNAMIC_NO_PIC = NO;
				GCC_NO_COMMON_BLOCKS = YES;
				GCC_OPTIMIZATION_LEVEL = 0;
				GCC_PREPROCESSOR_DEFINITIONS = (
					"DEBUG=1",
					"$(inherited)",
				);
				GCC_SYMBOLS_PRIVATE_EXTERN = NO;
				GCC_WARN_64_TO_32_BIT_CONVERSION = YES;
				GCC_WARN_ABOUT_RETURN_TYPE = YES_ERROR;
				GCC_WARN_UNDECLARED_SELECTOR = YES;
				GCC_WARN_UNINITIALIZED_AUTOS = YES;
				GCC_WARN_UNUSED_FUNCTION = YES;
				GCC_WARN_UNUSED_VARIABLE = YES;
				IPHONEOS_DEPLOYMENT_TARGET = 10.3;
				ONLY_ACTIVE_ARCH = YES;
				SDKROOT = iphoneos;
				TARGETED_DEVICE_FAMILY = 1;
			};
			name = Debug;
		};
		421C749418937536000E3C30 /* Release */ = {
			isa = XCBuildConfiguration;
			buildSettings = {
				ALWAYS_SEARCH_USER_PATHS = NO;
				CLANG_CXX_LANGUAGE_STANDARD = "gnu++0x";
				CLANG_CXX_LIBRARY = "libc++";
				CLANG_ENABLE_MODULES = YES;
				CLANG_ENABLE_OBJC_ARC = YES;
				CLANG_WARN_BLOCK_CAPTURE_AUTORELEASING = YES;
				CLANG_WARN_BOOL_CONVERSION = YES;
				CLANG_WARN_COMMA = YES;
				CLANG_WARN_CONSTANT_CONVERSION = YES;
				CLANG_WARN_DIRECT_OBJC_ISA_USAGE = YES_ERROR;
				CLANG_WARN_EMPTY_BODY = YES;
				CLANG_WARN_ENUM_CONVERSION = YES;
				CLANG_WARN_INFINITE_RECURSION = YES;
				CLANG_WARN_INT_CONVERSION = YES;
				CLANG_WARN_NON_LITERAL_NULL_CONVERSION = YES;
				CLANG_WARN_OBJC_LITERAL_CONVERSION = YES;
				CLANG_WARN_OBJC_ROOT_CLASS = YES_ERROR;
				CLANG_WARN_RANGE_LOOP_ANALYSIS = YES;
				CLANG_WARN_STRICT_PROTOTYPES = YES;
				CLANG_WARN_SUSPICIOUS_MOVE = YES;
				CLANG_WARN_UNREACHABLE_CODE = YES;
				CLANG_WARN__DUPLICATE_METHOD_MATCH = YES;
				"CODE_SIGN_IDENTITY[sdk=iphoneos*]" = "iPhone Distribution: J Howard Smart (TY3543425A)";
				COPY_PHASE_STRIP = YES;
				ENABLE_NS_ASSERTIONS = NO;
				ENABLE_STRICT_OBJC_MSGSEND = YES;
				GCC_C_LANGUAGE_STANDARD = gnu99;
				GCC_NO_COMMON_BLOCKS = YES;
				GCC_WARN_64_TO_32_BIT_CONVERSION = YES;
				GCC_WARN_ABOUT_RETURN_TYPE = YES_ERROR;
				GCC_WARN_UNDECLARED_SELECTOR = YES;
				GCC_WARN_UNINITIALIZED_AUTOS = YES;
				GCC_WARN_UNUSED_FUNCTION = YES;
				GCC_WARN_UNUSED_VARIABLE = YES;
				IPHONEOS_DEPLOYMENT_TARGET = 10.3;
				SDKROOT = iphoneos;
				SWIFT_OPTIMIZATION_LEVEL = "-Owholemodule";
				TARGETED_DEVICE_FAMILY = 1;
				VALIDATE_PRODUCT = YES;
			};
			name = Release;
		};
		421C749618937536000E3C30 /* Debug */ = {
			isa = XCBuildConfiguration;
			buildSettings = {
				ASSETCATALOG_COMPILER_APPICON_NAME = AppIcon;
				ASSETCATALOG_COMPILER_LAUNCHIMAGE_NAME = LaunchImage;
				CLANG_ENABLE_MODULES = YES;
				CLANG_WARN_OBJC_IMPLICIT_ATOMIC_PROPERTIES = YES;
				CLANG_WARN_OBJC_IMPLICIT_RETAIN_SELF = YES;
				CODE_SIGN_IDENTITY = "iPhone Developer";
				"CODE_SIGN_IDENTITY[sdk=iphoneos*]" = "iPhone Developer";
				GCC_PRECOMPILE_PREFIX_HEADER = YES;
				GCC_PREFIX_HEADER = "Smart Baby Tracker/Smart BabyBook-Prefix.pch";
				INFOPLIST_FILE = "Smart Baby Tracker/Smart BabyBook-Info.plist";
				IPHONEOS_DEPLOYMENT_TARGET = 10.3;
				LD_RUNPATH_SEARCH_PATHS = "$(inherited) @executable_path/Frameworks";
				PRODUCT_BUNDLE_IDENTIFIER = "com.mySmartSoftware.$(PRODUCT_NAME:rfc1034identifier)";
				PRODUCT_NAME = "Smart BabyBook";
				PROVISIONING_PROFILE = "";
				SWIFT_OBJC_BRIDGING_HEADER = "Smart Baby Tracker/Smart Baby Tracker-Bridging-Header.h";
				SWIFT_OPTIMIZATION_LEVEL = "-Onone";
				SWIFT_SWIFT3_OBJC_INFERENCE = Default;
				SWIFT_VERSION = 4.0;
				TARGETED_DEVICE_FAMILY = 1;
				WRAPPER_EXTENSION = app;
			};
			name = Debug;
		};
		421C749718937536000E3C30 /* Release */ = {
			isa = XCBuildConfiguration;
			buildSettings = {
				ASSETCATALOG_COMPILER_APPICON_NAME = AppIcon;
				ASSETCATALOG_COMPILER_LAUNCHIMAGE_NAME = LaunchImage;
				CLANG_ENABLE_MODULES = YES;
				CLANG_WARN_OBJC_IMPLICIT_ATOMIC_PROPERTIES = YES;
				CLANG_WARN_OBJC_IMPLICIT_RETAIN_SELF = YES;
				CODE_SIGN_IDENTITY = "iPhone Developer";
				"CODE_SIGN_IDENTITY[sdk=iphoneos*]" = "iPhone Developer";
				GCC_PRECOMPILE_PREFIX_HEADER = YES;
				GCC_PREFIX_HEADER = "Smart Baby Tracker/Smart BabyBook-Prefix.pch";
				INFOPLIST_FILE = "Smart Baby Tracker/Smart BabyBook-Info.plist";
				IPHONEOS_DEPLOYMENT_TARGET = 10.3;
				LD_RUNPATH_SEARCH_PATHS = "$(inherited) @executable_path/Frameworks";
				PRODUCT_BUNDLE_IDENTIFIER = "com.mySmartSoftware.$(PRODUCT_NAME:rfc1034identifier)";
				PRODUCT_NAME = "Smart BabyBook";
				PROVISIONING_PROFILE = "";
				SWIFT_OBJC_BRIDGING_HEADER = "Smart Baby Tracker/Smart Baby Tracker-Bridging-Header.h";
				SWIFT_OPTIMIZATION_LEVEL = "-Owholemodule";
				SWIFT_SWIFT3_OBJC_INFERENCE = Default;
				SWIFT_VERSION = 4.0;
				TARGETED_DEVICE_FAMILY = 1;
				WRAPPER_EXTENSION = app;
			};
			name = Release;
		};
		42C75D8D1B3FB505004D7EB6 /* Debug */ = {
			isa = XCBuildConfiguration;
			buildSettings = {
				BUNDLE_LOADER = "$(TEST_HOST)";
				CLANG_WARN_UNREACHABLE_CODE = YES;
				DEBUG_INFORMATION_FORMAT = "dwarf-with-dsym";
				ENABLE_STRICT_OBJC_MSGSEND = YES;
				FRAMEWORK_SEARCH_PATHS = (
					"$(SDKROOT)/Developer/Library/Frameworks",
					"$(inherited)",
				);
				GCC_NO_COMMON_BLOCKS = YES;
				GCC_PREPROCESSOR_DEFINITIONS = (
					"DEBUG=1",
					"$(inherited)",
				);
				GCC_WARN_UNINITIALIZED_AUTOS = YES_AGGRESSIVE;
				INFOPLIST_FILE = "Smart BabyBook Tests/Info.plist";
				IPHONEOS_DEPLOYMENT_TARGET = 8.3;
				LD_RUNPATH_SEARCH_PATHS = "$(inherited) @executable_path/Frameworks @loader_path/Frameworks";
				MTL_ENABLE_DEBUG_INFO = YES;
				PRODUCT_BUNDLE_IDENTIFIER = "com.mySmartSoftware.$(PRODUCT_NAME:rfc1034identifier)";
				PRODUCT_NAME = "$(TARGET_NAME)";
				SWIFT_VERSION = 3.0;
				TEST_HOST = "$(BUILT_PRODUCTS_DIR)/Smart BabyBook.app/Smart BabyBook";
			};
			name = Debug;
		};
		42C75D8E1B3FB505004D7EB6 /* Release */ = {
			isa = XCBuildConfiguration;
			buildSettings = {
				BUNDLE_LOADER = "$(TEST_HOST)";
				CLANG_WARN_UNREACHABLE_CODE = YES;
				COPY_PHASE_STRIP = NO;
				DEBUG_INFORMATION_FORMAT = "dwarf-with-dsym";
				ENABLE_STRICT_OBJC_MSGSEND = YES;
				FRAMEWORK_SEARCH_PATHS = (
					"$(SDKROOT)/Developer/Library/Frameworks",
					"$(inherited)",
				);
				GCC_NO_COMMON_BLOCKS = YES;
				GCC_WARN_UNINITIALIZED_AUTOS = YES_AGGRESSIVE;
				INFOPLIST_FILE = "Smart BabyBook Tests/Info.plist";
				IPHONEOS_DEPLOYMENT_TARGET = 8.3;
				LD_RUNPATH_SEARCH_PATHS = "$(inherited) @executable_path/Frameworks @loader_path/Frameworks";
				MTL_ENABLE_DEBUG_INFO = NO;
				PRODUCT_BUNDLE_IDENTIFIER = "com.mySmartSoftware.$(PRODUCT_NAME:rfc1034identifier)";
				PRODUCT_NAME = "$(TARGET_NAME)";
				SWIFT_VERSION = 3.0;
				TEST_HOST = "$(BUILT_PRODUCTS_DIR)/Smart BabyBook.app/Smart BabyBook";
			};
			name = Release;
		};
/* End XCBuildConfiguration section */

/* Begin XCConfigurationList section */
		421C745818937535000E3C30 /* Build configuration list for PBXProject "Smart BabyBook" */ = {
			isa = XCConfigurationList;
			buildConfigurations = (
				421C749318937536000E3C30 /* Debug */,
				421C749418937536000E3C30 /* Release */,
			);
			defaultConfigurationIsVisible = 0;
			defaultConfigurationName = Release;
		};
		421C749518937536000E3C30 /* Build configuration list for PBXNativeTarget "Smart BabyBook" */ = {
			isa = XCConfigurationList;
			buildConfigurations = (
				421C749618937536000E3C30 /* Debug */,
				421C749718937536000E3C30 /* Release */,
			);
			defaultConfigurationIsVisible = 0;
			defaultConfigurationName = Release;
		};
		42C75D8C1B3FB505004D7EB6 /* Build configuration list for PBXNativeTarget "Smart BabyBook Tests" */ = {
			isa = XCConfigurationList;
			buildConfigurations = (
				42C75D8D1B3FB505004D7EB6 /* Debug */,
				42C75D8E1B3FB505004D7EB6 /* Release */,
			);
			defaultConfigurationIsVisible = 0;
			defaultConfigurationName = Release;
		};
/* End XCConfigurationList section */
	};
	rootObject = 421C745518937535000E3C30 /* Project object */;
}
